// !$*UTF8*$!
{
	archiveVersion = 1;
	classes = {
	};
	objectVersion = 42;
	objects = {

/* Begin PBXBuildFile section */
		03BC64F114CF4DF9002E8AE5 /* ofxTrueTypeFontUC.cpp in Sources */ = {isa = PBXBuildFile; fileRef = 03BC64EF14CF4DF9002E8AE5 /* ofxTrueTypeFontUC.cpp */; };
		03C27F3D14D2601A00401BBE /* beatDetect.cpp in Sources */ = {isa = PBXBuildFile; fileRef = 03C27F3514D2601A00401BBE /* beatDetect.cpp */; };
		03C27F3E14D2601A00401BBE /* fft.cpp in Sources */ = {isa = PBXBuildFile; fileRef = 03C27F3714D2601A00401BBE /* fft.cpp */; };
		B6678BA615116680005F2453 /* icon.icns in Resources */ = {isa = PBXBuildFile; fileRef = B6678BA515116680005F2453 /* icon.icns */; };
		B66C354918795F570042E437 /* .gitignore in Resources */ = {isa = PBXBuildFile; fileRef = B66C16C518795DB40042E437 /* .gitignore */; };
		B66C536D18795F5A0042E437 /* APACHE20 in Resources */ = {isa = PBXBuildFile; fileRef = B66C34F718795F570042E437 /* APACHE20 */; };
		B66C536E18795F5A0042E437 /* cameras.c in Sources */ = {isa = PBXBuildFile; fileRef = B66C34F818795F570042E437 /* cameras.c */; };
		B66C536F18795F5A0042E437 /* cameras.h in Headers */ = {isa = PBXBuildFile; fileRef = B66C34F918795F570042E437 /* cameras.h */; };
		B66C537018795F5A0042E437 /* CONTRIB in Resources */ = {isa = PBXBuildFile; fileRef = B66C34FA18795F570042E437 /* CONTRIB */; };
		B66C537118795F5A0042E437 /* core.c in Sources */ = {isa = PBXBuildFile; fileRef = B66C34FB18795F570042E437 /* core.c */; };
		B66C537218795F5A0042E437 /* freenect_internal.h in Headers */ = {isa = PBXBuildFile; fileRef = B66C34FC18795F570042E437 /* freenect_internal.h */; };
		B66C537318795F5A0042E437 /* GPL2 in Resources */ = {isa = PBXBuildFile; fileRef = B66C34FD18795F570042E437 /* GPL2 */; };
		B66C537418795F5A0042E437 /* freenect.dll in Resources */ = {isa = PBXBuildFile; fileRef = B66C350018795F570042E437 /* freenect.dll */; };
		B66C537518795F5A0042E437 /* freenect.lib in Frameworks */ = {isa = PBXBuildFile; fileRef = B66C350118795F570042E437 /* freenect.lib */; };
		B66C537618795F5A0042E437 /* libfreenect-registration.h in Headers */ = {isa = PBXBuildFile; fileRef = B66C350218795F570042E437 /* libfreenect-registration.h */; };
		B66C537718795F5A0042E437 /* libfreenect.h in Headers */ = {isa = PBXBuildFile; fileRef = B66C350318795F570042E437 /* libfreenect.h */; };
		B66C537818795F5A0042E437 /* libfreenect.pc.in in Resources */ = {isa = PBXBuildFile; fileRef = B66C350418795F570042E437 /* libfreenect.pc.in */; };
		B66C537918795F5A0042E437 /* registration.c in Sources */ = {isa = PBXBuildFile; fileRef = B66C350518795F570042E437 /* registration.c */; };
		B66C537A18795F5A0042E437 /* registration.h in Headers */ = {isa = PBXBuildFile; fileRef = B66C350618795F570042E437 /* registration.h */; };
		B66C537B18795F5A0042E437 /* tilt.c in Sources */ = {isa = PBXBuildFile; fileRef = B66C350718795F570042E437 /* tilt.c */; };
		B66C537C18795F5A0042E437 /* usb_libusb10.c in Sources */ = {isa = PBXBuildFile; fileRef = B66C350818795F570042E437 /* usb_libusb10.c */; };
		B66C537D18795F5A0042E437 /* usb_libusb10.h in Headers */ = {isa = PBXBuildFile; fileRef = B66C350918795F570042E437 /* usb_libusb10.h */; };
		B66C537E18795F5A0042E437 /* libusb.h in Headers */ = {isa = PBXBuildFile; fileRef = B66C350E18795F570042E437 /* libusb.h */; };
		B66C537F18795F5A0042E437 /* usb-1.0.a in Frameworks */ = {isa = PBXBuildFile; fileRef = B66C351018795F570042E437 /* usb-1.0.a */; };
		B66C538018795F5A0042E437 /* libusb0.dll in Resources */ = {isa = PBXBuildFile; fileRef = B66C351518795F570042E437 /* libusb0.dll */; };
		B66C538118795F5A0042E437 /* libusb0.sys in Resources */ = {isa = PBXBuildFile; fileRef = B66C351618795F570042E437 /* libusb0.sys */; };
		B66C538218795F5A0042E437 /* libusb0.dll in Resources */ = {isa = PBXBuildFile; fileRef = B66C351818795F570042E437 /* libusb0.dll */; };
		B66C538318795F5A0042E437 /* libusb0.sys in Resources */ = {isa = PBXBuildFile; fileRef = B66C351918795F570042E437 /* libusb0.sys */; };
		B66C538418795F5A0042E437 /* libusb-win32-bin-README.txt in Resources */ = {isa = PBXBuildFile; fileRef = B66C351A18795F570042E437 /* libusb-win32-bin-README.txt */; };
		B66C538518795F5A0042E437 /* installer_license.txt in Resources */ = {isa = PBXBuildFile; fileRef = B66C351D18795F570042E437 /* installer_license.txt */; };
		B66C538618795F5A0042E437 /* libusb0.sys in Resources */ = {isa = PBXBuildFile; fileRef = B66C351F18795F570042E437 /* libusb0.sys */; };
		B66C538718795F5A0042E437 /* libusb0_x86.dll in Resources */ = {isa = PBXBuildFile; fileRef = B66C352018795F570042E437 /* libusb0_x86.dll */; };
		B66C538818795F5A0042E437 /* Xbox_NUI_Audio.cat in Resources */ = {isa = PBXBuildFile; fileRef = B66C352118795F570042E437 /* Xbox_NUI_Audio.cat */; };
		B66C538918795F5A0042E437 /* Xbox_NUI_Audio.inf in Resources */ = {isa = PBXBuildFile; fileRef = B66C352218795F570042E437 /* Xbox_NUI_Audio.inf */; };
		B66C538A18795F5A0042E437 /* libusb0.dll in Resources */ = {isa = PBXBuildFile; fileRef = B66C352518795F570042E437 /* libusb0.dll */; };
		B66C538B18795F5A0042E437 /* libusb0.sys in Resources */ = {isa = PBXBuildFile; fileRef = B66C352618795F570042E437 /* libusb0.sys */; };
		B66C538C18795F5A0042E437 /* libusb0.dll in Resources */ = {isa = PBXBuildFile; fileRef = B66C352818795F570042E437 /* libusb0.dll */; };
		B66C538D18795F5A0042E437 /* libusb0.sys in Resources */ = {isa = PBXBuildFile; fileRef = B66C352918795F570042E437 /* libusb0.sys */; };
		B66C538E18795F5A0042E437 /* libusb-win32-bin-README.txt in Resources */ = {isa = PBXBuildFile; fileRef = B66C352A18795F570042E437 /* libusb-win32-bin-README.txt */; };
		B66C538F18795F5A0042E437 /* installer_license.txt in Resources */ = {isa = PBXBuildFile; fileRef = B66C352D18795F570042E437 /* installer_license.txt */; };
		B66C539018795F5A0042E437 /* libusb0.sys in Resources */ = {isa = PBXBuildFile; fileRef = B66C352F18795F570042E437 /* libusb0.sys */; };
		B66C539118795F5A0042E437 /* libusb0_x86.dll in Resources */ = {isa = PBXBuildFile; fileRef = B66C353018795F570042E437 /* libusb0_x86.dll */; };
		B66C539218795F5A0042E437 /* Xbox_NUI_Camera.cat in Resources */ = {isa = PBXBuildFile; fileRef = B66C353118795F570042E437 /* Xbox_NUI_Camera.cat */; };
		B66C539318795F5A0042E437 /* Xbox_NUI_Camera.inf in Resources */ = {isa = PBXBuildFile; fileRef = B66C353218795F570042E437 /* Xbox_NUI_Camera.inf */; };
		B66C539418795F5A0042E437 /* libusb0.dll in Resources */ = {isa = PBXBuildFile; fileRef = B66C353518795F570042E437 /* libusb0.dll */; };
		B66C539518795F5A0042E437 /* libusb0.sys in Resources */ = {isa = PBXBuildFile; fileRef = B66C353618795F570042E437 /* libusb0.sys */; };
		B66C539618795F5A0042E437 /* libusb0.dll in Resources */ = {isa = PBXBuildFile; fileRef = B66C353818795F570042E437 /* libusb0.dll */; };
		B66C539718795F5A0042E437 /* libusb0.sys in Resources */ = {isa = PBXBuildFile; fileRef = B66C353918795F570042E437 /* libusb0.sys */; };
		B66C539818795F5A0042E437 /* libusb-win32-bin-README.txt in Resources */ = {isa = PBXBuildFile; fileRef = B66C353A18795F570042E437 /* libusb-win32-bin-README.txt */; };
		B66C539918795F5A0042E437 /* installer_license.txt in Resources */ = {isa = PBXBuildFile; fileRef = B66C353D18795F570042E437 /* installer_license.txt */; };
		B66C539A18795F5A0042E437 /* libusb0.sys in Resources */ = {isa = PBXBuildFile; fileRef = B66C353F18795F570042E437 /* libusb0.sys */; };
		B66C539B18795F5A0042E437 /* libusb0_x86.dll in Resources */ = {isa = PBXBuildFile; fileRef = B66C354018795F570042E437 /* libusb0_x86.dll */; };
		B66C539C18795F5A0042E437 /* Xbox_NUI_Motor.cat in Resources */ = {isa = PBXBuildFile; fileRef = B66C354118795F570042E437 /* Xbox_NUI_Motor.cat */; };
		B66C539D18795F5A0042E437 /* Xbox_NUI_Motor.inf in Resources */ = {isa = PBXBuildFile; fileRef = B66C354218795F570042E437 /* Xbox_NUI_Motor.inf */; };
		B66C539E18795F5A0042E437 /* LICENSE.txt in Resources */ = {isa = PBXBuildFile; fileRef = B66C354318795F570042E437 /* LICENSE.txt */; };
		B66C539F18795F5A0042E437 /* README.markdown in Resources */ = {isa = PBXBuildFile; fileRef = B66C354418795F570042E437 /* README.markdown */; };
		B66C53A018795F5A0042E437 /* ofxBase3DVideo.h in Headers */ = {isa = PBXBuildFile; fileRef = B66C354618795F570042E437 /* ofxBase3DVideo.h */; };
		B66C53A118795F5A0042E437 /* ofxKinect.cpp in Sources */ = {isa = PBXBuildFile; fileRef = B66C354718795F570042E437 /* ofxKinect.cpp */; };
		B66C53A218795F5A0042E437 /* ofxKinect.h in Headers */ = {isa = PBXBuildFile; fileRef = B66C354818795F570042E437 /* ofxKinect.h */; };
		B66C53A61879659C0042E437 /* ofxVjKinect.cpp in Sources */ = {isa = PBXBuildFile; fileRef = B66C53A41879659C0042E437 /* ofxVjKinect.cpp */; };
		B66C53A71879659C0042E437 /* ofxVjKinect.h in Headers */ = {isa = PBXBuildFile; fileRef = B66C53A51879659C0042E437 /* ofxVjKinect.h */; };
		B66C53AB187965A50042E437 /* ofxB.cpp in Sources */ = {isa = PBXBuildFile; fileRef = B66C53A9187965A50042E437 /* ofxB.cpp */; };
		B66C53AC187965A50042E437 /* ofxB.h in Headers */ = {isa = PBXBuildFile; fileRef = B66C53AA187965A50042E437 /* ofxB.h */; };
		BBAB23CB13894F3D00AA2426 /* GLUT.framework in CopyFiles */ = {isa = PBXBuildFile; fileRef = BBAB23BE13894E4700AA2426 /* GLUT.framework */; };
		E4328149138ABC9F0047C5CB /* openFrameworksDebug.a in Frameworks */ = {isa = PBXBuildFile; fileRef = E4328148138ABC890047C5CB /* openFrameworksDebug.a */; };
		E45BE97B0E8CC7DD009D7055 /* AGL.framework in Frameworks */ = {isa = PBXBuildFile; fileRef = E45BE9710E8CC7DD009D7055 /* AGL.framework */; };
		E45BE97C0E8CC7DD009D7055 /* ApplicationServices.framework in Frameworks */ = {isa = PBXBuildFile; fileRef = E45BE9720E8CC7DD009D7055 /* ApplicationServices.framework */; };
		E45BE97D0E8CC7DD009D7055 /* AudioToolbox.framework in Frameworks */ = {isa = PBXBuildFile; fileRef = E45BE9730E8CC7DD009D7055 /* AudioToolbox.framework */; };
		E45BE97E0E8CC7DD009D7055 /* Carbon.framework in Frameworks */ = {isa = PBXBuildFile; fileRef = E45BE9740E8CC7DD009D7055 /* Carbon.framework */; };
		E45BE97F0E8CC7DD009D7055 /* CoreAudio.framework in Frameworks */ = {isa = PBXBuildFile; fileRef = E45BE9750E8CC7DD009D7055 /* CoreAudio.framework */; };
		E45BE9800E8CC7DD009D7055 /* CoreFoundation.framework in Frameworks */ = {isa = PBXBuildFile; fileRef = E45BE9760E8CC7DD009D7055 /* CoreFoundation.framework */; };
		E45BE9810E8CC7DD009D7055 /* CoreServices.framework in Frameworks */ = {isa = PBXBuildFile; fileRef = E45BE9770E8CC7DD009D7055 /* CoreServices.framework */; };
		E45BE9830E8CC7DD009D7055 /* OpenGL.framework in Frameworks */ = {isa = PBXBuildFile; fileRef = E45BE9790E8CC7DD009D7055 /* OpenGL.framework */; };
		E45BE9840E8CC7DD009D7055 /* QuickTime.framework in Frameworks */ = {isa = PBXBuildFile; fileRef = E45BE97A0E8CC7DD009D7055 /* QuickTime.framework */; };
		E4B69E200A3A1BDC003C02F2 /* main.cpp in Sources */ = {isa = PBXBuildFile; fileRef = E4B69E1D0A3A1BDC003C02F2 /* main.cpp */; };
		E4B69E210A3A1BDC003C02F2 /* testApp.cpp in Sources */ = {isa = PBXBuildFile; fileRef = E4B69E1E0A3A1BDC003C02F2 /* testApp.cpp */; };
		E4C2424710CC5A17004149E2 /* AppKit.framework in Frameworks */ = {isa = PBXBuildFile; fileRef = E4C2424410CC5A17004149E2 /* AppKit.framework */; };
		E4C2424810CC5A17004149E2 /* Cocoa.framework in Frameworks */ = {isa = PBXBuildFile; fileRef = E4C2424510CC5A17004149E2 /* Cocoa.framework */; };
		E4C2424910CC5A17004149E2 /* IOKit.framework in Frameworks */ = {isa = PBXBuildFile; fileRef = E4C2424610CC5A17004149E2 /* IOKit.framework */; };
		E4EB6799138ADC1D00A09F29 /* GLUT.framework in Frameworks */ = {isa = PBXBuildFile; fileRef = BBAB23BE13894E4700AA2426 /* GLUT.framework */; };
/* End PBXBuildFile section */

/* Begin PBXContainerItemProxy section */
		E4328147138ABC890047C5CB /* PBXContainerItemProxy */ = {
			isa = PBXContainerItemProxy;
			containerPortal = E4328143138ABC890047C5CB /* openFrameworksLib.xcodeproj */;
			proxyType = 2;
			remoteGlobalIDString = E4B27C1510CBEB8E00536013;
			remoteInfo = openFrameworks;
		};
		E4EEB9AB138B136A00A80321 /* PBXContainerItemProxy */ = {
			isa = PBXContainerItemProxy;
			containerPortal = E4328143138ABC890047C5CB /* openFrameworksLib.xcodeproj */;
			proxyType = 1;
			remoteGlobalIDString = E4B27C1410CBEB8E00536013;
			remoteInfo = openFrameworks;
		};
/* End PBXContainerItemProxy section */

/* Begin PBXCopyFilesBuildPhase section */
		E4C2427710CC5ABF004149E2 /* CopyFiles */ = {
			isa = PBXCopyFilesBuildPhase;
			buildActionMask = 2147483647;
			dstPath = "";
			dstSubfolderSpec = 10;
			files = (
				BBAB23CB13894F3D00AA2426 /* GLUT.framework in CopyFiles */,
			);
			runOnlyForDeploymentPostprocessing = 0;
		};
/* End PBXCopyFilesBuildPhase section */

/* Begin PBXFileReference section */
		03BC64C914CF4DF9002E8AE5 /* config */ = {isa = PBXFileReference; fileEncoding = 4; lastKnownFileType = text; path = config; sourceTree = "<group>"; };
		03BC64CA14CF4DF9002E8AE5 /* description */ = {isa = PBXFileReference; fileEncoding = 4; lastKnownFileType = text; path = description; sourceTree = "<group>"; };
		03BC64CB14CF4DF9002E8AE5 /* HEAD */ = {isa = PBXFileReference; fileEncoding = 4; lastKnownFileType = text; path = HEAD; sourceTree = "<group>"; };
		03BC64CD14CF4DF9002E8AE5 /* applypatch-msg.sample */ = {isa = PBXFileReference; fileEncoding = 4; lastKnownFileType = text.script.sh; path = "applypatch-msg.sample"; sourceTree = "<group>"; };
		03BC64CE14CF4DF9002E8AE5 /* commit-msg.sample */ = {isa = PBXFileReference; fileEncoding = 4; lastKnownFileType = text.script.sh; path = "commit-msg.sample"; sourceTree = "<group>"; };
		03BC64CF14CF4DF9002E8AE5 /* post-commit.sample */ = {isa = PBXFileReference; fileEncoding = 4; lastKnownFileType = text.script.sh; path = "post-commit.sample"; sourceTree = "<group>"; };
		03BC64D014CF4DF9002E8AE5 /* post-receive.sample */ = {isa = PBXFileReference; fileEncoding = 4; lastKnownFileType = text.script.sh; path = "post-receive.sample"; sourceTree = "<group>"; };
		03BC64D114CF4DF9002E8AE5 /* post-update.sample */ = {isa = PBXFileReference; fileEncoding = 4; lastKnownFileType = text.script.sh; path = "post-update.sample"; sourceTree = "<group>"; };
		03BC64D214CF4DF9002E8AE5 /* pre-applypatch.sample */ = {isa = PBXFileReference; fileEncoding = 4; lastKnownFileType = text.script.sh; path = "pre-applypatch.sample"; sourceTree = "<group>"; };
		03BC64D314CF4DF9002E8AE5 /* pre-commit.sample */ = {isa = PBXFileReference; fileEncoding = 4; lastKnownFileType = text.script.sh; path = "pre-commit.sample"; sourceTree = "<group>"; };
		03BC64D414CF4DF9002E8AE5 /* pre-rebase.sample */ = {isa = PBXFileReference; fileEncoding = 4; lastKnownFileType = text.script.sh; path = "pre-rebase.sample"; sourceTree = "<group>"; };
		03BC64D514CF4DF9002E8AE5 /* prepare-commit-msg.sample */ = {isa = PBXFileReference; fileEncoding = 4; lastKnownFileType = text.script.sh; path = "prepare-commit-msg.sample"; sourceTree = "<group>"; };
		03BC64D614CF4DF9002E8AE5 /* update.sample */ = {isa = PBXFileReference; fileEncoding = 4; lastKnownFileType = text.script.sh; path = update.sample; sourceTree = "<group>"; };
		03BC64D714CF4DF9002E8AE5 /* index */ = {isa = PBXFileReference; lastKnownFileType = file; path = index; sourceTree = "<group>"; };
		03BC64D914CF4DF9002E8AE5 /* exclude */ = {isa = PBXFileReference; fileEncoding = 4; lastKnownFileType = text; path = exclude; sourceTree = "<group>"; };
		03BC64DB14CF4DF9002E8AE5 /* HEAD */ = {isa = PBXFileReference; fileEncoding = 4; lastKnownFileType = text; path = HEAD; sourceTree = "<group>"; };
		03BC64DE14CF4DF9002E8AE5 /* master */ = {isa = PBXFileReference; fileEncoding = 4; lastKnownFileType = text; path = master; sourceTree = "<group>"; };
		03BC64E214CF4DF9002E8AE5 /* pack-1abb153f3bac7bd234f1642baa5997f04b093ad4.idx */ = {isa = PBXFileReference; lastKnownFileType = file; path = "pack-1abb153f3bac7bd234f1642baa5997f04b093ad4.idx"; sourceTree = "<group>"; };
		03BC64E314CF4DF9002E8AE5 /* pack-1abb153f3bac7bd234f1642baa5997f04b093ad4.pack */ = {isa = PBXFileReference; lastKnownFileType = file; path = "pack-1abb153f3bac7bd234f1642baa5997f04b093ad4.pack"; sourceTree = "<group>"; };
		03BC64E414CF4DF9002E8AE5 /* packed-refs */ = {isa = PBXFileReference; fileEncoding = 4; lastKnownFileType = text; path = "packed-refs"; sourceTree = "<group>"; };
		03BC64E714CF4DF9002E8AE5 /* master */ = {isa = PBXFileReference; fileEncoding = 4; lastKnownFileType = text; path = master; sourceTree = "<group>"; };
		03BC64EA14CF4DF9002E8AE5 /* HEAD */ = {isa = PBXFileReference; fileEncoding = 4; lastKnownFileType = text; path = HEAD; sourceTree = "<group>"; };
		03BC64EC14CF4DF9002E8AE5 /* install.xml */ = {isa = PBXFileReference; fileEncoding = 4; lastKnownFileType = text.xml; path = install.xml; sourceTree = "<group>"; };
		03BC64ED14CF4DF9002E8AE5 /* README */ = {isa = PBXFileReference; fileEncoding = 4; lastKnownFileType = text; path = README; sourceTree = "<group>"; };
		03BC64EF14CF4DF9002E8AE5 /* ofxTrueTypeFontUC.cpp */ = {isa = PBXFileReference; fileEncoding = 4; lastKnownFileType = sourcecode.cpp.cpp; path = ofxTrueTypeFontUC.cpp; sourceTree = "<group>"; };
		03BC64F014CF4DF9002E8AE5 /* ofxTrueTypeFontUC.h */ = {isa = PBXFileReference; fileEncoding = 4; lastKnownFileType = sourcecode.c.h; path = ofxTrueTypeFontUC.h; sourceTree = "<group>"; };
		03C27F1214D2601A00401BBE /* config */ = {isa = PBXFileReference; fileEncoding = 4; lastKnownFileType = text; path = config; sourceTree = "<group>"; };
		03C27F1314D2601A00401BBE /* description */ = {isa = PBXFileReference; fileEncoding = 4; lastKnownFileType = text; path = description; sourceTree = "<group>"; };
		03C27F1414D2601A00401BBE /* HEAD */ = {isa = PBXFileReference; fileEncoding = 4; lastKnownFileType = text; path = HEAD; sourceTree = "<group>"; };
		03C27F1614D2601A00401BBE /* applypatch-msg.sample */ = {isa = PBXFileReference; fileEncoding = 4; lastKnownFileType = text.script.sh; path = "applypatch-msg.sample"; sourceTree = "<group>"; };
		03C27F1714D2601A00401BBE /* commit-msg.sample */ = {isa = PBXFileReference; fileEncoding = 4; lastKnownFileType = text.script.sh; path = "commit-msg.sample"; sourceTree = "<group>"; };
		03C27F1814D2601A00401BBE /* post-commit.sample */ = {isa = PBXFileReference; fileEncoding = 4; lastKnownFileType = text.script.sh; path = "post-commit.sample"; sourceTree = "<group>"; };
		03C27F1914D2601A00401BBE /* post-receive.sample */ = {isa = PBXFileReference; fileEncoding = 4; lastKnownFileType = text.script.sh; path = "post-receive.sample"; sourceTree = "<group>"; };
		03C27F1A14D2601A00401BBE /* post-update.sample */ = {isa = PBXFileReference; fileEncoding = 4; lastKnownFileType = text.script.sh; path = "post-update.sample"; sourceTree = "<group>"; };
		03C27F1B14D2601A00401BBE /* pre-applypatch.sample */ = {isa = PBXFileReference; fileEncoding = 4; lastKnownFileType = text.script.sh; path = "pre-applypatch.sample"; sourceTree = "<group>"; };
		03C27F1C14D2601A00401BBE /* pre-commit.sample */ = {isa = PBXFileReference; fileEncoding = 4; lastKnownFileType = text.script.sh; path = "pre-commit.sample"; sourceTree = "<group>"; };
		03C27F1D14D2601A00401BBE /* pre-rebase.sample */ = {isa = PBXFileReference; fileEncoding = 4; lastKnownFileType = text.script.sh; path = "pre-rebase.sample"; sourceTree = "<group>"; };
		03C27F1E14D2601A00401BBE /* prepare-commit-msg.sample */ = {isa = PBXFileReference; fileEncoding = 4; lastKnownFileType = text.script.sh; path = "prepare-commit-msg.sample"; sourceTree = "<group>"; };
		03C27F1F14D2601A00401BBE /* update.sample */ = {isa = PBXFileReference; fileEncoding = 4; lastKnownFileType = text.script.sh; path = update.sample; sourceTree = "<group>"; };
		03C27F2014D2601A00401BBE /* index */ = {isa = PBXFileReference; lastKnownFileType = file; path = index; sourceTree = "<group>"; };
		03C27F2214D2601A00401BBE /* exclude */ = {isa = PBXFileReference; fileEncoding = 4; lastKnownFileType = text; path = exclude; sourceTree = "<group>"; };
		03C27F2414D2601A00401BBE /* HEAD */ = {isa = PBXFileReference; fileEncoding = 4; lastKnownFileType = text; path = HEAD; sourceTree = "<group>"; };
		03C27F2714D2601A00401BBE /* master */ = {isa = PBXFileReference; fileEncoding = 4; lastKnownFileType = text; path = master; sourceTree = "<group>"; };
		03C27F2B14D2601A00401BBE /* pack-b948a6f00612d928e1eebf624d7c6dcbc4b5c8d0.idx */ = {isa = PBXFileReference; lastKnownFileType = file; path = "pack-b948a6f00612d928e1eebf624d7c6dcbc4b5c8d0.idx"; sourceTree = "<group>"; };
		03C27F2C14D2601A00401BBE /* pack-b948a6f00612d928e1eebf624d7c6dcbc4b5c8d0.pack */ = {isa = PBXFileReference; lastKnownFileType = file; path = "pack-b948a6f00612d928e1eebf624d7c6dcbc4b5c8d0.pack"; sourceTree = "<group>"; };
		03C27F2D14D2601A00401BBE /* packed-refs */ = {isa = PBXFileReference; fileEncoding = 4; lastKnownFileType = text; path = "packed-refs"; sourceTree = "<group>"; };
		03C27F3014D2601A00401BBE /* master */ = {isa = PBXFileReference; fileEncoding = 4; lastKnownFileType = text; path = master; sourceTree = "<group>"; };
		03C27F3314D2601A00401BBE /* HEAD */ = {isa = PBXFileReference; fileEncoding = 4; lastKnownFileType = text; path = HEAD; sourceTree = "<group>"; };
		03C27F3514D2601A00401BBE /* beatDetect.cpp */ = {isa = PBXFileReference; fileEncoding = 4; lastKnownFileType = sourcecode.cpp.cpp; path = beatDetect.cpp; sourceTree = "<group>"; };
		03C27F3614D2601A00401BBE /* beatDetect.h */ = {isa = PBXFileReference; fileEncoding = 4; lastKnownFileType = sourcecode.c.h; path = beatDetect.h; sourceTree = "<group>"; };
		03C27F3714D2601A00401BBE /* fft.cpp */ = {isa = PBXFileReference; fileEncoding = 4; lastKnownFileType = sourcecode.cpp.cpp; path = fft.cpp; sourceTree = "<group>"; };
		03C27F3814D2601A00401BBE /* fft.h */ = {isa = PBXFileReference; fileEncoding = 4; lastKnownFileType = sourcecode.c.h; path = fft.h; sourceTree = "<group>"; };
		B6678BA515116680005F2453 /* icon.icns */ = {isa = PBXFileReference; lastKnownFileType = image.icns; name = icon.icns; path = bin/icon.icns; sourceTree = "<group>"; };
		B66C16C518795DB40042E437 /* .gitignore */ = {isa = PBXFileReference; fileEncoding = 4; lastKnownFileType = text; path = .gitignore; sourceTree = "<group>"; };
		B66C34F718795F570042E437 /* APACHE20 */ = {isa = PBXFileReference; fileEncoding = 4; lastKnownFileType = text; path = APACHE20; sourceTree = "<group>"; };
		B66C34F818795F570042E437 /* cameras.c */ = {isa = PBXFileReference; fileEncoding = 4; lastKnownFileType = sourcecode.c.c; path = cameras.c; sourceTree = "<group>"; };
		B66C34F918795F570042E437 /* cameras.h */ = {isa = PBXFileReference; fileEncoding = 4; lastKnownFileType = sourcecode.c.h; path = cameras.h; sourceTree = "<group>"; };
		B66C34FA18795F570042E437 /* CONTRIB */ = {isa = PBXFileReference; fileEncoding = 4; lastKnownFileType = text; path = CONTRIB; sourceTree = "<group>"; };
		B66C34FB18795F570042E437 /* core.c */ = {isa = PBXFileReference; fileEncoding = 4; lastKnownFileType = sourcecode.c.c; path = core.c; sourceTree = "<group>"; };
		B66C34FC18795F570042E437 /* freenect_internal.h */ = {isa = PBXFileReference; fileEncoding = 4; lastKnownFileType = sourcecode.c.h; path = freenect_internal.h; sourceTree = "<group>"; };
		B66C34FD18795F570042E437 /* GPL2 */ = {isa = PBXFileReference; fileEncoding = 4; lastKnownFileType = text; path = GPL2; sourceTree = "<group>"; };
		B66C350018795F570042E437 /* freenect.dll */ = {isa = PBXFileReference; lastKnownFileType = file; path = freenect.dll; sourceTree = "<group>"; };
		B66C350118795F570042E437 /* freenect.lib */ = {isa = PBXFileReference; lastKnownFileType = archive.ar; path = freenect.lib; sourceTree = "<group>"; };
		B66C350218795F570042E437 /* libfreenect-registration.h */ = {isa = PBXFileReference; fileEncoding = 4; lastKnownFileType = sourcecode.c.h; path = "libfreenect-registration.h"; sourceTree = "<group>"; };
		B66C350318795F570042E437 /* libfreenect.h */ = {isa = PBXFileReference; fileEncoding = 4; lastKnownFileType = sourcecode.c.h; path = libfreenect.h; sourceTree = "<group>"; };
		B66C350418795F570042E437 /* libfreenect.pc.in */ = {isa = PBXFileReference; fileEncoding = 4; lastKnownFileType = text; path = libfreenect.pc.in; sourceTree = "<group>"; };
		B66C350518795F570042E437 /* registration.c */ = {isa = PBXFileReference; fileEncoding = 4; lastKnownFileType = sourcecode.c.c; path = registration.c; sourceTree = "<group>"; };
		B66C350618795F570042E437 /* registration.h */ = {isa = PBXFileReference; fileEncoding = 4; lastKnownFileType = sourcecode.c.h; path = registration.h; sourceTree = "<group>"; };
		B66C350718795F570042E437 /* tilt.c */ = {isa = PBXFileReference; fileEncoding = 4; lastKnownFileType = sourcecode.c.c; path = tilt.c; sourceTree = "<group>"; };
		B66C350818795F570042E437 /* usb_libusb10.c */ = {isa = PBXFileReference; fileEncoding = 4; lastKnownFileType = sourcecode.c.c; path = usb_libusb10.c; sourceTree = "<group>"; };
		B66C350918795F570042E437 /* usb_libusb10.h */ = {isa = PBXFileReference; fileEncoding = 4; lastKnownFileType = sourcecode.c.h; path = usb_libusb10.h; sourceTree = "<group>"; };
		B66C350E18795F570042E437 /* libusb.h */ = {isa = PBXFileReference; fileEncoding = 4; lastKnownFileType = sourcecode.c.h; path = libusb.h; sourceTree = "<group>"; };
		B66C351018795F570042E437 /* usb-1.0.a */ = {isa = PBXFileReference; lastKnownFileType = archive.ar; path = "usb-1.0.a"; sourceTree = "<group>"; };
		B66C351518795F570042E437 /* libusb0.dll */ = {isa = PBXFileReference; lastKnownFileType = file; path = libusb0.dll; sourceTree = "<group>"; };
		B66C351618795F570042E437 /* libusb0.sys */ = {isa = PBXFileReference; lastKnownFileType = file; path = libusb0.sys; sourceTree = "<group>"; };
		B66C351818795F570042E437 /* libusb0.dll */ = {isa = PBXFileReference; lastKnownFileType = file; path = libusb0.dll; sourceTree = "<group>"; };
		B66C351918795F570042E437 /* libusb0.sys */ = {isa = PBXFileReference; lastKnownFileType = file; path = libusb0.sys; sourceTree = "<group>"; };
		B66C351A18795F570042E437 /* libusb-win32-bin-README.txt */ = {isa = PBXFileReference; fileEncoding = 4; lastKnownFileType = text; path = "libusb-win32-bin-README.txt"; sourceTree = "<group>"; };
		B66C351D18795F570042E437 /* installer_license.txt */ = {isa = PBXFileReference; fileEncoding = 4; lastKnownFileType = text; path = installer_license.txt; sourceTree = "<group>"; };
		B66C351F18795F570042E437 /* libusb0.sys */ = {isa = PBXFileReference; lastKnownFileType = file; path = libusb0.sys; sourceTree = "<group>"; };
		B66C352018795F570042E437 /* libusb0_x86.dll */ = {isa = PBXFileReference; lastKnownFileType = file; path = libusb0_x86.dll; sourceTree = "<group>"; };
		B66C352118795F570042E437 /* Xbox_NUI_Audio.cat */ = {isa = PBXFileReference; lastKnownFileType = file; path = Xbox_NUI_Audio.cat; sourceTree = "<group>"; };
		B66C352218795F570042E437 /* Xbox_NUI_Audio.inf */ = {isa = PBXFileReference; fileEncoding = 4; lastKnownFileType = text; path = Xbox_NUI_Audio.inf; sourceTree = "<group>"; };
		B66C352518795F570042E437 /* libusb0.dll */ = {isa = PBXFileReference; lastKnownFileType = file; path = libusb0.dll; sourceTree = "<group>"; };
		B66C352618795F570042E437 /* libusb0.sys */ = {isa = PBXFileReference; lastKnownFileType = file; path = libusb0.sys; sourceTree = "<group>"; };
		B66C352818795F570042E437 /* libusb0.dll */ = {isa = PBXFileReference; lastKnownFileType = file; path = libusb0.dll; sourceTree = "<group>"; };
		B66C352918795F570042E437 /* libusb0.sys */ = {isa = PBXFileReference; lastKnownFileType = file; path = libusb0.sys; sourceTree = "<group>"; };
		B66C352A18795F570042E437 /* libusb-win32-bin-README.txt */ = {isa = PBXFileReference; fileEncoding = 4; lastKnownFileType = text; path = "libusb-win32-bin-README.txt"; sourceTree = "<group>"; };
		B66C352D18795F570042E437 /* installer_license.txt */ = {isa = PBXFileReference; fileEncoding = 4; lastKnownFileType = text; path = installer_license.txt; sourceTree = "<group>"; };
		B66C352F18795F570042E437 /* libusb0.sys */ = {isa = PBXFileReference; lastKnownFileType = file; path = libusb0.sys; sourceTree = "<group>"; };
		B66C353018795F570042E437 /* libusb0_x86.dll */ = {isa = PBXFileReference; lastKnownFileType = file; path = libusb0_x86.dll; sourceTree = "<group>"; };
		B66C353118795F570042E437 /* Xbox_NUI_Camera.cat */ = {isa = PBXFileReference; lastKnownFileType = file; path = Xbox_NUI_Camera.cat; sourceTree = "<group>"; };
		B66C353218795F570042E437 /* Xbox_NUI_Camera.inf */ = {isa = PBXFileReference; fileEncoding = 4; lastKnownFileType = text; path = Xbox_NUI_Camera.inf; sourceTree = "<group>"; };
		B66C353518795F570042E437 /* libusb0.dll */ = {isa = PBXFileReference; lastKnownFileType = file; path = libusb0.dll; sourceTree = "<group>"; };
		B66C353618795F570042E437 /* libusb0.sys */ = {isa = PBXFileReference; lastKnownFileType = file; path = libusb0.sys; sourceTree = "<group>"; };
		B66C353818795F570042E437 /* libusb0.dll */ = {isa = PBXFileReference; lastKnownFileType = file; path = libusb0.dll; sourceTree = "<group>"; };
		B66C353918795F570042E437 /* libusb0.sys */ = {isa = PBXFileReference; lastKnownFileType = file; path = libusb0.sys; sourceTree = "<group>"; };
		B66C353A18795F570042E437 /* libusb-win32-bin-README.txt */ = {isa = PBXFileReference; fileEncoding = 4; lastKnownFileType = text; path = "libusb-win32-bin-README.txt"; sourceTree = "<group>"; };
		B66C353D18795F570042E437 /* installer_license.txt */ = {isa = PBXFileReference; fileEncoding = 4; lastKnownFileType = text; path = installer_license.txt; sourceTree = "<group>"; };
		B66C353F18795F570042E437 /* libusb0.sys */ = {isa = PBXFileReference; lastKnownFileType = file; path = libusb0.sys; sourceTree = "<group>"; };
		B66C354018795F570042E437 /* libusb0_x86.dll */ = {isa = PBXFileReference; lastKnownFileType = file; path = libusb0_x86.dll; sourceTree = "<group>"; };
		B66C354118795F570042E437 /* Xbox_NUI_Motor.cat */ = {isa = PBXFileReference; lastKnownFileType = file; path = Xbox_NUI_Motor.cat; sourceTree = "<group>"; };
		B66C354218795F570042E437 /* Xbox_NUI_Motor.inf */ = {isa = PBXFileReference; fileEncoding = 4; lastKnownFileType = text; path = Xbox_NUI_Motor.inf; sourceTree = "<group>"; };
		B66C354318795F570042E437 /* LICENSE.txt */ = {isa = PBXFileReference; fileEncoding = 4; lastKnownFileType = text; path = LICENSE.txt; sourceTree = "<group>"; };
		B66C354418795F570042E437 /* README.markdown */ = {isa = PBXFileReference; fileEncoding = 4; lastKnownFileType = text; path = README.markdown; sourceTree = "<group>"; };
		B66C354618795F570042E437 /* ofxBase3DVideo.h */ = {isa = PBXFileReference; fileEncoding = 4; lastKnownFileType = sourcecode.c.h; path = ofxBase3DVideo.h; sourceTree = "<group>"; };
		B66C354718795F570042E437 /* ofxKinect.cpp */ = {isa = PBXFileReference; fileEncoding = 4; lastKnownFileType = sourcecode.cpp.cpp; path = ofxKinect.cpp; sourceTree = "<group>"; };
		B66C354818795F570042E437 /* ofxKinect.h */ = {isa = PBXFileReference; fileEncoding = 4; lastKnownFileType = sourcecode.c.h; path = ofxKinect.h; sourceTree = "<group>"; };
		B66C53A41879659C0042E437 /* ofxVjKinect.cpp */ = {isa = PBXFileReference; fileEncoding = 4; lastKnownFileType = sourcecode.cpp.cpp; path = ofxVjKinect.cpp; sourceTree = "<group>"; };
		B66C53A51879659C0042E437 /* ofxVjKinect.h */ = {isa = PBXFileReference; fileEncoding = 4; lastKnownFileType = sourcecode.c.h; path = ofxVjKinect.h; sourceTree = "<group>"; };
		B66C53A9187965A50042E437 /* ofxB.cpp */ = {isa = PBXFileReference; fileEncoding = 4; lastKnownFileType = sourcecode.cpp.cpp; path = ofxB.cpp; sourceTree = "<group>"; };
		B66C53AA187965A50042E437 /* ofxB.h */ = {isa = PBXFileReference; fileEncoding = 4; lastKnownFileType = sourcecode.c.h; path = ofxB.h; sourceTree = "<group>"; };
		BBAB23BE13894E4700AA2426 /* GLUT.framework */ = {isa = PBXFileReference; lastKnownFileType = wrapper.framework; name = GLUT.framework; path = ../../../libs/glut/lib/osx/GLUT.framework; sourceTree = "<group>"; };
		E4328143138ABC890047C5CB /* openFrameworksLib.xcodeproj */ = {isa = PBXFileReference; lastKnownFileType = "wrapper.pb-project"; name = openFrameworksLib.xcodeproj; path = ../../../libs/openFrameworksCompiled/project/osx/openFrameworksLib.xcodeproj; sourceTree = SOURCE_ROOT; };
		E45BE9710E8CC7DD009D7055 /* AGL.framework */ = {isa = PBXFileReference; lastKnownFileType = wrapper.framework; name = AGL.framework; path = /System/Library/Frameworks/AGL.framework; sourceTree = "<absolute>"; };
		E45BE9720E8CC7DD009D7055 /* ApplicationServices.framework */ = {isa = PBXFileReference; lastKnownFileType = wrapper.framework; name = ApplicationServices.framework; path = /System/Library/Frameworks/ApplicationServices.framework; sourceTree = "<absolute>"; };
		E45BE9730E8CC7DD009D7055 /* AudioToolbox.framework */ = {isa = PBXFileReference; lastKnownFileType = wrapper.framework; name = AudioToolbox.framework; path = /System/Library/Frameworks/AudioToolbox.framework; sourceTree = "<absolute>"; };
		E45BE9740E8CC7DD009D7055 /* Carbon.framework */ = {isa = PBXFileReference; lastKnownFileType = wrapper.framework; name = Carbon.framework; path = /System/Library/Frameworks/Carbon.framework; sourceTree = "<absolute>"; };
		E45BE9750E8CC7DD009D7055 /* CoreAudio.framework */ = {isa = PBXFileReference; lastKnownFileType = wrapper.framework; name = CoreAudio.framework; path = /System/Library/Frameworks/CoreAudio.framework; sourceTree = "<absolute>"; };
		E45BE9760E8CC7DD009D7055 /* CoreFoundation.framework */ = {isa = PBXFileReference; lastKnownFileType = wrapper.framework; name = CoreFoundation.framework; path = /System/Library/Frameworks/CoreFoundation.framework; sourceTree = "<absolute>"; };
		E45BE9770E8CC7DD009D7055 /* CoreServices.framework */ = {isa = PBXFileReference; lastKnownFileType = wrapper.framework; name = CoreServices.framework; path = /System/Library/Frameworks/CoreServices.framework; sourceTree = "<absolute>"; };
		E45BE9790E8CC7DD009D7055 /* OpenGL.framework */ = {isa = PBXFileReference; lastKnownFileType = wrapper.framework; name = OpenGL.framework; path = /System/Library/Frameworks/OpenGL.framework; sourceTree = "<absolute>"; };
		E45BE97A0E8CC7DD009D7055 /* QuickTime.framework */ = {isa = PBXFileReference; lastKnownFileType = wrapper.framework; name = QuickTime.framework; path = /System/Library/Frameworks/QuickTime.framework; sourceTree = "<absolute>"; };
		E4B69B5B0A3A1756003C02F2 /* emptyExampleDebug.app */ = {isa = PBXFileReference; explicitFileType = wrapper.application; includeInIndex = 0; path = emptyExampleDebug.app; sourceTree = BUILT_PRODUCTS_DIR; };
		E4B69E1D0A3A1BDC003C02F2 /* main.cpp */ = {isa = PBXFileReference; fileEncoding = 30; lastKnownFileType = sourcecode.cpp.cpp; name = main.cpp; path = src/main.cpp; sourceTree = SOURCE_ROOT; };
		E4B69E1E0A3A1BDC003C02F2 /* testApp.cpp */ = {isa = PBXFileReference; explicitFileType = sourcecode.cpp.cpp; fileEncoding = 4; name = testApp.cpp; path = src/testApp.cpp; sourceTree = SOURCE_ROOT; };
		E4B69E1F0A3A1BDC003C02F2 /* testApp.h */ = {isa = PBXFileReference; fileEncoding = 4; lastKnownFileType = sourcecode.c.h; name = testApp.h; path = src/testApp.h; sourceTree = SOURCE_ROOT; };
		E4B6FCAD0C3E899E008CF71C /* openFrameworks-Info.plist */ = {isa = PBXFileReference; fileEncoding = 30; lastKnownFileType = text.plist.xml; path = "openFrameworks-Info.plist"; sourceTree = "<group>"; };
		E4C2424410CC5A17004149E2 /* AppKit.framework */ = {isa = PBXFileReference; lastKnownFileType = wrapper.framework; name = AppKit.framework; path = /System/Library/Frameworks/AppKit.framework; sourceTree = "<absolute>"; };
		E4C2424510CC5A17004149E2 /* Cocoa.framework */ = {isa = PBXFileReference; lastKnownFileType = wrapper.framework; name = Cocoa.framework; path = /System/Library/Frameworks/Cocoa.framework; sourceTree = "<absolute>"; };
		E4C2424610CC5A17004149E2 /* IOKit.framework */ = {isa = PBXFileReference; lastKnownFileType = wrapper.framework; name = IOKit.framework; path = /System/Library/Frameworks/IOKit.framework; sourceTree = "<absolute>"; };
		E4EB691F138AFCF100A09F29 /* CoreOF.xcconfig */ = {isa = PBXFileReference; fileEncoding = 4; lastKnownFileType = text.xcconfig; name = CoreOF.xcconfig; path = ../../../libs/openFrameworksCompiled/project/osx/CoreOF.xcconfig; sourceTree = SOURCE_ROOT; };
		E4EB6923138AFD0F00A09F29 /* Project.xcconfig */ = {isa = PBXFileReference; fileEncoding = 4; lastKnownFileType = text.xcconfig; path = Project.xcconfig; sourceTree = "<group>"; };
/* End PBXFileReference section */

/* Begin PBXFrameworksBuildPhase section */
		E4B69B590A3A1756003C02F2 /* Frameworks */ = {
			isa = PBXFrameworksBuildPhase;
			buildActionMask = 2147483647;
			files = (
				E4EB6799138ADC1D00A09F29 /* GLUT.framework in Frameworks */,
				E4328149138ABC9F0047C5CB /* openFrameworksDebug.a in Frameworks */,
				E45BE97B0E8CC7DD009D7055 /* AGL.framework in Frameworks */,
				E45BE97C0E8CC7DD009D7055 /* ApplicationServices.framework in Frameworks */,
				E45BE97D0E8CC7DD009D7055 /* AudioToolbox.framework in Frameworks */,
				E45BE97E0E8CC7DD009D7055 /* Carbon.framework in Frameworks */,
				E45BE97F0E8CC7DD009D7055 /* CoreAudio.framework in Frameworks */,
				E45BE9800E8CC7DD009D7055 /* CoreFoundation.framework in Frameworks */,
				E45BE9810E8CC7DD009D7055 /* CoreServices.framework in Frameworks */,
				E45BE9830E8CC7DD009D7055 /* OpenGL.framework in Frameworks */,
				E45BE9840E8CC7DD009D7055 /* QuickTime.framework in Frameworks */,
				E4C2424710CC5A17004149E2 /* AppKit.framework in Frameworks */,
				E4C2424810CC5A17004149E2 /* Cocoa.framework in Frameworks */,
				E4C2424910CC5A17004149E2 /* IOKit.framework in Frameworks */,
				B66C537518795F5A0042E437 /* freenect.lib in Frameworks */,
				B66C537F18795F5A0042E437 /* usb-1.0.a in Frameworks */,
			);
			runOnlyForDeploymentPostprocessing = 0;
		};
/* End PBXFrameworksBuildPhase section */

/* Begin PBXGroup section */
		03BC64C614CF4DF9002E8AE5 /* ofxTrueTypeFontUC */ = {
			isa = PBXGroup;
			children = (
				03BC64C714CF4DF9002E8AE5 /* .git */,
				03BC64EC14CF4DF9002E8AE5 /* install.xml */,
				03BC64ED14CF4DF9002E8AE5 /* README */,
				03BC64EE14CF4DF9002E8AE5 /* src */,
			);
			name = ofxTrueTypeFontUC;
			path = ../../../addons/ofxTrueTypeFontUC;
			sourceTree = SOURCE_ROOT;
		};
		03BC64C714CF4DF9002E8AE5 /* .git */ = {
			isa = PBXGroup;
			children = (
				03BC64C814CF4DF9002E8AE5 /* branches */,
				03BC64C914CF4DF9002E8AE5 /* config */,
				03BC64CA14CF4DF9002E8AE5 /* description */,
				03BC64CB14CF4DF9002E8AE5 /* HEAD */,
				03BC64CC14CF4DF9002E8AE5 /* hooks */,
				03BC64D714CF4DF9002E8AE5 /* index */,
				03BC64D814CF4DF9002E8AE5 /* info */,
				03BC64DA14CF4DF9002E8AE5 /* logs */,
				03BC64DF14CF4DF9002E8AE5 /* objects */,
				03BC64E414CF4DF9002E8AE5 /* packed-refs */,
				03BC64E514CF4DF9002E8AE5 /* refs */,
			);
			path = .git;
			sourceTree = "<group>";
		};
		03BC64C814CF4DF9002E8AE5 /* branches */ = {
			isa = PBXGroup;
			children = (
			);
			path = branches;
			sourceTree = "<group>";
		};
		03BC64CC14CF4DF9002E8AE5 /* hooks */ = {
			isa = PBXGroup;
			children = (
				03BC64CD14CF4DF9002E8AE5 /* applypatch-msg.sample */,
				03BC64CE14CF4DF9002E8AE5 /* commit-msg.sample */,
				03BC64CF14CF4DF9002E8AE5 /* post-commit.sample */,
				03BC64D014CF4DF9002E8AE5 /* post-receive.sample */,
				03BC64D114CF4DF9002E8AE5 /* post-update.sample */,
				03BC64D214CF4DF9002E8AE5 /* pre-applypatch.sample */,
				03BC64D314CF4DF9002E8AE5 /* pre-commit.sample */,
				03BC64D414CF4DF9002E8AE5 /* pre-rebase.sample */,
				03BC64D514CF4DF9002E8AE5 /* prepare-commit-msg.sample */,
				03BC64D614CF4DF9002E8AE5 /* update.sample */,
			);
			path = hooks;
			sourceTree = "<group>";
		};
		03BC64D814CF4DF9002E8AE5 /* info */ = {
			isa = PBXGroup;
			children = (
				03BC64D914CF4DF9002E8AE5 /* exclude */,
			);
			path = info;
			sourceTree = "<group>";
		};
		03BC64DA14CF4DF9002E8AE5 /* logs */ = {
			isa = PBXGroup;
			children = (
				03BC64DB14CF4DF9002E8AE5 /* HEAD */,
				03BC64DC14CF4DF9002E8AE5 /* refs */,
			);
			path = logs;
			sourceTree = "<group>";
		};
		03BC64DC14CF4DF9002E8AE5 /* refs */ = {
			isa = PBXGroup;
			children = (
				03BC64DD14CF4DF9002E8AE5 /* heads */,
			);
			path = refs;
			sourceTree = "<group>";
		};
		03BC64DD14CF4DF9002E8AE5 /* heads */ = {
			isa = PBXGroup;
			children = (
				03BC64DE14CF4DF9002E8AE5 /* master */,
			);
			path = heads;
			sourceTree = "<group>";
		};
		03BC64DF14CF4DF9002E8AE5 /* objects */ = {
			isa = PBXGroup;
			children = (
				03BC64E014CF4DF9002E8AE5 /* info */,
				03BC64E114CF4DF9002E8AE5 /* pack */,
			);
			path = objects;
			sourceTree = "<group>";
		};
		03BC64E014CF4DF9002E8AE5 /* info */ = {
			isa = PBXGroup;
			children = (
			);
			path = info;
			sourceTree = "<group>";
		};
		03BC64E114CF4DF9002E8AE5 /* pack */ = {
			isa = PBXGroup;
			children = (
				03BC64E214CF4DF9002E8AE5 /* pack-1abb153f3bac7bd234f1642baa5997f04b093ad4.idx */,
				03BC64E314CF4DF9002E8AE5 /* pack-1abb153f3bac7bd234f1642baa5997f04b093ad4.pack */,
			);
			path = pack;
			sourceTree = "<group>";
		};
		03BC64E514CF4DF9002E8AE5 /* refs */ = {
			isa = PBXGroup;
			children = (
				03BC64E614CF4DF9002E8AE5 /* heads */,
				03BC64E814CF4DF9002E8AE5 /* remotes */,
				03BC64EB14CF4DF9002E8AE5 /* tags */,
			);
			path = refs;
			sourceTree = "<group>";
		};
		03BC64E614CF4DF9002E8AE5 /* heads */ = {
			isa = PBXGroup;
			children = (
				03BC64E714CF4DF9002E8AE5 /* master */,
			);
			path = heads;
			sourceTree = "<group>";
		};
		03BC64E814CF4DF9002E8AE5 /* remotes */ = {
			isa = PBXGroup;
			children = (
				03BC64E914CF4DF9002E8AE5 /* origin */,
			);
			path = remotes;
			sourceTree = "<group>";
		};
		03BC64E914CF4DF9002E8AE5 /* origin */ = {
			isa = PBXGroup;
			children = (
				03BC64EA14CF4DF9002E8AE5 /* HEAD */,
			);
			path = origin;
			sourceTree = "<group>";
		};
		03BC64EB14CF4DF9002E8AE5 /* tags */ = {
			isa = PBXGroup;
			children = (
			);
			path = tags;
			sourceTree = "<group>";
		};
		03BC64EE14CF4DF9002E8AE5 /* src */ = {
			isa = PBXGroup;
			children = (
				03BC64EF14CF4DF9002E8AE5 /* ofxTrueTypeFontUC.cpp */,
				03BC64F014CF4DF9002E8AE5 /* ofxTrueTypeFontUC.h */,
			);
			path = src;
			sourceTree = "<group>";
		};
		03C27F0F14D2601A00401BBE /* ofxBeatTracking */ = {
			isa = PBXGroup;
			children = (
				03C27F1014D2601A00401BBE /* .git */,
				03C27F3514D2601A00401BBE /* beatDetect.cpp */,
				03C27F3614D2601A00401BBE /* beatDetect.h */,
				03C27F3714D2601A00401BBE /* fft.cpp */,
				03C27F3814D2601A00401BBE /* fft.h */,
			);
			name = ofxBeatTracking;
			path = ../../../addons/ofxBeatTracking;
			sourceTree = SOURCE_ROOT;
		};
		03C27F1014D2601A00401BBE /* .git */ = {
			isa = PBXGroup;
			children = (
				03C27F1114D2601A00401BBE /* branches */,
				03C27F1214D2601A00401BBE /* config */,
				03C27F1314D2601A00401BBE /* description */,
				03C27F1414D2601A00401BBE /* HEAD */,
				03C27F1514D2601A00401BBE /* hooks */,
				03C27F2014D2601A00401BBE /* index */,
				03C27F2114D2601A00401BBE /* info */,
				03C27F2314D2601A00401BBE /* logs */,
				03C27F2814D2601A00401BBE /* objects */,
				03C27F2D14D2601A00401BBE /* packed-refs */,
				03C27F2E14D2601A00401BBE /* refs */,
			);
			path = .git;
			sourceTree = "<group>";
		};
		03C27F1114D2601A00401BBE /* branches */ = {
			isa = PBXGroup;
			children = (
			);
			path = branches;
			sourceTree = "<group>";
		};
		03C27F1514D2601A00401BBE /* hooks */ = {
			isa = PBXGroup;
			children = (
				03C27F1614D2601A00401BBE /* applypatch-msg.sample */,
				03C27F1714D2601A00401BBE /* commit-msg.sample */,
				03C27F1814D2601A00401BBE /* post-commit.sample */,
				03C27F1914D2601A00401BBE /* post-receive.sample */,
				03C27F1A14D2601A00401BBE /* post-update.sample */,
				03C27F1B14D2601A00401BBE /* pre-applypatch.sample */,
				03C27F1C14D2601A00401BBE /* pre-commit.sample */,
				03C27F1D14D2601A00401BBE /* pre-rebase.sample */,
				03C27F1E14D2601A00401BBE /* prepare-commit-msg.sample */,
				03C27F1F14D2601A00401BBE /* update.sample */,
			);
			path = hooks;
			sourceTree = "<group>";
		};
		03C27F2114D2601A00401BBE /* info */ = {
			isa = PBXGroup;
			children = (
				03C27F2214D2601A00401BBE /* exclude */,
			);
			path = info;
			sourceTree = "<group>";
		};
		03C27F2314D2601A00401BBE /* logs */ = {
			isa = PBXGroup;
			children = (
				03C27F2414D2601A00401BBE /* HEAD */,
				03C27F2514D2601A00401BBE /* refs */,
			);
			path = logs;
			sourceTree = "<group>";
		};
		03C27F2514D2601A00401BBE /* refs */ = {
			isa = PBXGroup;
			children = (
				03C27F2614D2601A00401BBE /* heads */,
			);
			path = refs;
			sourceTree = "<group>";
		};
		03C27F2614D2601A00401BBE /* heads */ = {
			isa = PBXGroup;
			children = (
				03C27F2714D2601A00401BBE /* master */,
			);
			path = heads;
			sourceTree = "<group>";
		};
		03C27F2814D2601A00401BBE /* objects */ = {
			isa = PBXGroup;
			children = (
				03C27F2914D2601A00401BBE /* info */,
				03C27F2A14D2601A00401BBE /* pack */,
			);
			path = objects;
			sourceTree = "<group>";
		};
		03C27F2914D2601A00401BBE /* info */ = {
			isa = PBXGroup;
			children = (
			);
			path = info;
			sourceTree = "<group>";
		};
		03C27F2A14D2601A00401BBE /* pack */ = {
			isa = PBXGroup;
			children = (
				03C27F2B14D2601A00401BBE /* pack-b948a6f00612d928e1eebf624d7c6dcbc4b5c8d0.idx */,
				03C27F2C14D2601A00401BBE /* pack-b948a6f00612d928e1eebf624d7c6dcbc4b5c8d0.pack */,
			);
			path = pack;
			sourceTree = "<group>";
		};
		03C27F2E14D2601A00401BBE /* refs */ = {
			isa = PBXGroup;
			children = (
				03C27F2F14D2601A00401BBE /* heads */,
				03C27F3114D2601A00401BBE /* remotes */,
				03C27F3414D2601A00401BBE /* tags */,
			);
			path = refs;
			sourceTree = "<group>";
		};
		03C27F2F14D2601A00401BBE /* heads */ = {
			isa = PBXGroup;
			children = (
				03C27F3014D2601A00401BBE /* master */,
			);
			path = heads;
			sourceTree = "<group>";
		};
		03C27F3114D2601A00401BBE /* remotes */ = {
			isa = PBXGroup;
			children = (
				03C27F3214D2601A00401BBE /* origin */,
			);
			path = remotes;
			sourceTree = "<group>";
		};
		03C27F3214D2601A00401BBE /* origin */ = {
			isa = PBXGroup;
			children = (
				03C27F3314D2601A00401BBE /* HEAD */,
			);
			path = origin;
			sourceTree = "<group>";
		};
		03C27F3414D2601A00401BBE /* tags */ = {
			isa = PBXGroup;
			children = (
			);
			path = tags;
			sourceTree = "<group>";
		};
		B6678BA015116664005F2453 /* Resources */ = {
			isa = PBXGroup;
			children = (
				B6678BA515116680005F2453 /* icon.icns */,
			);
			name = Resources;
			sourceTree = "<group>";
		};
		B66C16C418795DB40042E437 /* ofxKinect */ = {
			isa = PBXGroup;
			children = (
				B66C16C518795DB40042E437 /* .gitignore */,
				B66C34F518795F560042E437 /* libs */,
				B66C354318795F570042E437 /* LICENSE.txt */,
				B66C354418795F570042E437 /* README.markdown */,
				B66C354518795F570042E437 /* src */,
			);
			name = ofxKinect;
			path = ../../../addons/ofxKinect;
			sourceTree = "<group>";
		};
		B66C34F518795F560042E437 /* libs */ = {
			isa = PBXGroup;
			children = (
				B66C34F618795F570042E437 /* libfreenect */,
				B66C350A18795F570042E437 /* libusb */,
			);
			path = libs;
			sourceTree = "<group>";
		};
		B66C34F618795F570042E437 /* libfreenect */ = {
			isa = PBXGroup;
			children = (
				B66C34F718795F570042E437 /* APACHE20 */,
				B66C34F818795F570042E437 /* cameras.c */,
				B66C34F918795F570042E437 /* cameras.h */,
				B66C34FA18795F570042E437 /* CONTRIB */,
				B66C34FB18795F570042E437 /* core.c */,
				B66C34FC18795F570042E437 /* freenect_internal.h */,
				B66C34FD18795F570042E437 /* GPL2 */,
				B66C34FE18795F570042E437 /* lib */,
				B66C350218795F570042E437 /* libfreenect-registration.h */,
				B66C350318795F570042E437 /* libfreenect.h */,
				B66C350418795F570042E437 /* libfreenect.pc.in */,
				B66C350518795F570042E437 /* registration.c */,
				B66C350618795F570042E437 /* registration.h */,
				B66C350718795F570042E437 /* tilt.c */,
				B66C350818795F570042E437 /* usb_libusb10.c */,
				B66C350918795F570042E437 /* usb_libusb10.h */,
			);
			path = libfreenect;
			sourceTree = "<group>";
		};
		B66C34FE18795F570042E437 /* lib */ = {
			isa = PBXGroup;
			children = (
				B66C34FF18795F570042E437 /* vs2010 */,
			);
			path = lib;
			sourceTree = "<group>";
		};
		B66C34FF18795F570042E437 /* vs2010 */ = {
			isa = PBXGroup;
			children = (
				B66C350018795F570042E437 /* freenect.dll */,
				B66C350118795F570042E437 /* freenect.lib */,
			);
			path = vs2010;
			sourceTree = "<group>";
		};
		B66C350A18795F570042E437 /* libusb */ = {
			isa = PBXGroup;
			children = (
				B66C350B18795F570042E437 /* osx */,
				B66C351118795F570042E437 /* win */,
			);
			path = libusb;
			sourceTree = "<group>";
		};
		B66C350B18795F570042E437 /* osx */ = {
			isa = PBXGroup;
			children = (
				B66C350C18795F570042E437 /* include */,
				B66C350F18795F570042E437 /* libs */,
			);
			path = osx;
			sourceTree = "<group>";
		};
		B66C350C18795F570042E437 /* include */ = {
			isa = PBXGroup;
			children = (
				B66C350D18795F570042E437 /* libusb-1.0 */,
			);
			path = include;
			sourceTree = "<group>";
		};
		B66C350D18795F570042E437 /* libusb-1.0 */ = {
			isa = PBXGroup;
			children = (
				B66C350E18795F570042E437 /* libusb.h */,
			);
			path = "libusb-1.0";
			sourceTree = "<group>";
		};
		B66C350F18795F570042E437 /* libs */ = {
			isa = PBXGroup;
			children = (
				B66C351018795F570042E437 /* usb-1.0.a */,
			);
			path = libs;
			sourceTree = "<group>";
		};
		B66C351118795F570042E437 /* win */ = {
			isa = PBXGroup;
			children = (
				B66C351218795F570042E437 /* inf */,
			);
			path = win;
			sourceTree = "<group>";
		};
		B66C351218795F570042E437 /* inf */ = {
			isa = PBXGroup;
			children = (
				B66C351318795F570042E437 /* xbox nui audio */,
				B66C352318795F570042E437 /* xbox nui camera */,
				B66C353318795F570042E437 /* xbox nui motor */,
			);
			path = inf;
			sourceTree = "<group>";
		};
		B66C351318795F570042E437 /* xbox nui audio */ = {
			isa = PBXGroup;
			children = (
				B66C351418795F570042E437 /* amd64 */,
				B66C351718795F570042E437 /* ia64 */,
				B66C351A18795F570042E437 /* libusb-win32-bin-README.txt */,
				B66C351B18795F570042E437 /* license */,
				B66C351E18795F570042E437 /* x86 */,
				B66C352118795F570042E437 /* Xbox_NUI_Audio.cat */,
				B66C352218795F570042E437 /* Xbox_NUI_Audio.inf */,
			);
			path = "xbox nui audio";
			sourceTree = "<group>";
		};
		B66C351418795F570042E437 /* amd64 */ = {
			isa = PBXGroup;
			children = (
				B66C351518795F570042E437 /* libusb0.dll */,
				B66C351618795F570042E437 /* libusb0.sys */,
			);
			path = amd64;
			sourceTree = "<group>";
		};
		B66C351718795F570042E437 /* ia64 */ = {
			isa = PBXGroup;
			children = (
				B66C351818795F570042E437 /* libusb0.dll */,
				B66C351918795F570042E437 /* libusb0.sys */,
			);
			path = ia64;
			sourceTree = "<group>";
		};
		B66C351B18795F570042E437 /* license */ = {
			isa = PBXGroup;
			children = (
				B66C351C18795F570042E437 /* libusb-win32 */,
			);
			path = license;
			sourceTree = "<group>";
		};
		B66C351C18795F570042E437 /* libusb-win32 */ = {
			isa = PBXGroup;
			children = (
				B66C351D18795F570042E437 /* installer_license.txt */,
			);
			path = "libusb-win32";
			sourceTree = "<group>";
		};
		B66C351E18795F570042E437 /* x86 */ = {
			isa = PBXGroup;
			children = (
				B66C351F18795F570042E437 /* libusb0.sys */,
				B66C352018795F570042E437 /* libusb0_x86.dll */,
			);
			path = x86;
			sourceTree = "<group>";
		};
		B66C352318795F570042E437 /* xbox nui camera */ = {
			isa = PBXGroup;
			children = (
				B66C352418795F570042E437 /* amd64 */,
				B66C352718795F570042E437 /* ia64 */,
				B66C352A18795F570042E437 /* libusb-win32-bin-README.txt */,
				B66C352B18795F570042E437 /* license */,
				B66C352E18795F570042E437 /* x86 */,
				B66C353118795F570042E437 /* Xbox_NUI_Camera.cat */,
				B66C353218795F570042E437 /* Xbox_NUI_Camera.inf */,
			);
			path = "xbox nui camera";
			sourceTree = "<group>";
		};
		B66C352418795F570042E437 /* amd64 */ = {
			isa = PBXGroup;
			children = (
				B66C352518795F570042E437 /* libusb0.dll */,
				B66C352618795F570042E437 /* libusb0.sys */,
			);
			path = amd64;
			sourceTree = "<group>";
		};
		B66C352718795F570042E437 /* ia64 */ = {
			isa = PBXGroup;
			children = (
				B66C352818795F570042E437 /* libusb0.dll */,
				B66C352918795F570042E437 /* libusb0.sys */,
			);
			path = ia64;
			sourceTree = "<group>";
		};
		B66C352B18795F570042E437 /* license */ = {
			isa = PBXGroup;
			children = (
				B66C352C18795F570042E437 /* libusb-win32 */,
			);
			path = license;
			sourceTree = "<group>";
		};
		B66C352C18795F570042E437 /* libusb-win32 */ = {
			isa = PBXGroup;
			children = (
				B66C352D18795F570042E437 /* installer_license.txt */,
			);
			path = "libusb-win32";
			sourceTree = "<group>";
		};
		B66C352E18795F570042E437 /* x86 */ = {
			isa = PBXGroup;
			children = (
				B66C352F18795F570042E437 /* libusb0.sys */,
				B66C353018795F570042E437 /* libusb0_x86.dll */,
			);
			path = x86;
			sourceTree = "<group>";
		};
		B66C353318795F570042E437 /* xbox nui motor */ = {
			isa = PBXGroup;
			children = (
				B66C353418795F570042E437 /* amd64 */,
				B66C353718795F570042E437 /* ia64 */,
				B66C353A18795F570042E437 /* libusb-win32-bin-README.txt */,
				B66C353B18795F570042E437 /* license */,
				B66C353E18795F570042E437 /* x86 */,
				B66C354118795F570042E437 /* Xbox_NUI_Motor.cat */,
				B66C354218795F570042E437 /* Xbox_NUI_Motor.inf */,
			);
			path = "xbox nui motor";
			sourceTree = "<group>";
		};
		B66C353418795F570042E437 /* amd64 */ = {
			isa = PBXGroup;
			children = (
				B66C353518795F570042E437 /* libusb0.dll */,
				B66C353618795F570042E437 /* libusb0.sys */,
			);
			path = amd64;
			sourceTree = "<group>";
		};
		B66C353718795F570042E437 /* ia64 */ = {
			isa = PBXGroup;
			children = (
				B66C353818795F570042E437 /* libusb0.dll */,
				B66C353918795F570042E437 /* libusb0.sys */,
			);
			path = ia64;
			sourceTree = "<group>";
		};
		B66C353B18795F570042E437 /* license */ = {
			isa = PBXGroup;
			children = (
				B66C353C18795F570042E437 /* libusb-win32 */,
			);
			path = license;
			sourceTree = "<group>";
		};
		B66C353C18795F570042E437 /* libusb-win32 */ = {
			isa = PBXGroup;
			children = (
				B66C353D18795F570042E437 /* installer_license.txt */,
			);
			path = "libusb-win32";
			sourceTree = "<group>";
		};
		B66C353E18795F570042E437 /* x86 */ = {
			isa = PBXGroup;
			children = (
				B66C353F18795F570042E437 /* libusb0.sys */,
				B66C354018795F570042E437 /* libusb0_x86.dll */,
			);
			path = x86;
			sourceTree = "<group>";
		};
		B66C354518795F570042E437 /* src */ = {
			isa = PBXGroup;
			children = (
				B66C354618795F570042E437 /* ofxBase3DVideo.h */,
				B66C354718795F570042E437 /* ofxKinect.cpp */,
				B66C354818795F570042E437 /* ofxKinect.h */,
			);
			path = src;
			sourceTree = "<group>";
		};
		B66C53A31879659C0042E437 /* ofxVJKinect */ = {
			isa = PBXGroup;
			children = (
				B66C53A41879659C0042E437 /* ofxVjKinect.cpp */,
				B66C53A51879659C0042E437 /* ofxVjKinect.h */,
			);
			path = ofxVJKinect;
			sourceTree = "<group>";
		};
		B66C53A8187965A50042E437 /* ofxBMath */ = {
			isa = PBXGroup;
			children = (
				B66C53A9187965A50042E437 /* ofxB.cpp */,
				B66C53AA187965A50042E437 /* ofxB.h */,
			);
			path = ofxBMath;
			sourceTree = "<group>";
		};
		BB4B014C10F69532006C3DED /* addons */ = {
			isa = PBXGroup;
			children = (
				B66C53A8187965A50042E437 /* ofxBMath */,
				B66C53A31879659C0042E437 /* ofxVJKinect */,
				B66C16C418795DB40042E437 /* ofxKinect */,
				03C27F0F14D2601A00401BBE /* ofxBeatTracking */,
				03BC64C614CF4DF9002E8AE5 /* ofxTrueTypeFontUC */,
			);
			name = addons;
			sourceTree = "<group>";
		};
		BBAB23C913894ECA00AA2426 /* system frameworks */ = {
			isa = PBXGroup;
			children = (
				E4C2424410CC5A17004149E2 /* AppKit.framework */,
				E4C2424510CC5A17004149E2 /* Cocoa.framework */,
				E4C2424610CC5A17004149E2 /* IOKit.framework */,
				E45BE9710E8CC7DD009D7055 /* AGL.framework */,
				E45BE9720E8CC7DD009D7055 /* ApplicationServices.framework */,
				E45BE9730E8CC7DD009D7055 /* AudioToolbox.framework */,
				E45BE9740E8CC7DD009D7055 /* Carbon.framework */,
				E45BE9750E8CC7DD009D7055 /* CoreAudio.framework */,
				E45BE9760E8CC7DD009D7055 /* CoreFoundation.framework */,
				E45BE9770E8CC7DD009D7055 /* CoreServices.framework */,
				E45BE9790E8CC7DD009D7055 /* OpenGL.framework */,
				E45BE97A0E8CC7DD009D7055 /* QuickTime.framework */,
			);
			name = "system frameworks";
			sourceTree = "<group>";
		};
		BBAB23CA13894EDB00AA2426 /* 3rd party frameworks */ = {
			isa = PBXGroup;
			children = (
				BBAB23BE13894E4700AA2426 /* GLUT.framework */,
			);
			name = "3rd party frameworks";
			sourceTree = "<group>";
		};
		E4328144138ABC890047C5CB /* Products */ = {
			isa = PBXGroup;
			children = (
				E4328148138ABC890047C5CB /* openFrameworksDebug.a */,
			);
			name = Products;
			sourceTree = "<group>";
		};
		E45BE5980E8CC70C009D7055 /* frameworks */ = {
			isa = PBXGroup;
			children = (
				BBAB23CA13894EDB00AA2426 /* 3rd party frameworks */,
				BBAB23C913894ECA00AA2426 /* system frameworks */,
			);
			name = frameworks;
			sourceTree = "<group>";
		};
		E4B69B4A0A3A1720003C02F2 = {
			isa = PBXGroup;
			children = (
				B6678BA015116664005F2453 /* Resources */,
				E4B6FCAD0C3E899E008CF71C /* openFrameworks-Info.plist */,
				E4EB6923138AFD0F00A09F29 /* Project.xcconfig */,
				E4B69E1C0A3A1BDC003C02F2 /* src */,
				E4EEC9E9138DF44700A80321 /* openFrameworks */,
				BB4B014C10F69532006C3DED /* addons */,
				E45BE5980E8CC70C009D7055 /* frameworks */,
				E4B69B5B0A3A1756003C02F2 /* emptyExampleDebug.app */,
			);
			sourceTree = "<group>";
		};
		E4B69E1C0A3A1BDC003C02F2 /* src */ = {
			isa = PBXGroup;
			children = (
				E4B69E1D0A3A1BDC003C02F2 /* main.cpp */,
				E4B69E1E0A3A1BDC003C02F2 /* testApp.cpp */,
				E4B69E1F0A3A1BDC003C02F2 /* testApp.h */,
			);
			path = src;
			sourceTree = SOURCE_ROOT;
		};
		E4EEC9E9138DF44700A80321 /* openFrameworks */ = {
			isa = PBXGroup;
			children = (
				E4EB691F138AFCF100A09F29 /* CoreOF.xcconfig */,
				E4328143138ABC890047C5CB /* openFrameworksLib.xcodeproj */,
			);
			name = openFrameworks;
			sourceTree = "<group>";
		};
/* End PBXGroup section */

/* Begin PBXHeadersBuildPhase section */
		B6DB93D0151167D200C4CFDA /* Headers */ = {
			isa = PBXHeadersBuildPhase;
			buildActionMask = 2147483647;
			comments = /Users/Yuki/work/of_preRelease_v007_osx/apps/myapp/kinectuc_VJ/bin/icon.icns;
			files = (
				B66C536F18795F5A0042E437 /* cameras.h in Headers */,
				B66C537218795F5A0042E437 /* freenect_internal.h in Headers */,
				B66C537618795F5A0042E437 /* libfreenect-registration.h in Headers */,
				B66C537718795F5A0042E437 /* libfreenect.h in Headers */,
				B66C537A18795F5A0042E437 /* registration.h in Headers */,
				B66C537D18795F5A0042E437 /* usb_libusb10.h in Headers */,
				B66C537E18795F5A0042E437 /* libusb.h in Headers */,
				B66C53A018795F5A0042E437 /* ofxBase3DVideo.h in Headers */,
				B66C53A218795F5A0042E437 /* ofxKinect.h in Headers */,
				B66C53A71879659C0042E437 /* ofxVjKinect.h in Headers */,
				B66C53AC187965A50042E437 /* ofxB.h in Headers */,
			);
			runOnlyForDeploymentPostprocessing = 0;
		};
/* End PBXHeadersBuildPhase section */

/* Begin PBXNativeTarget section */
		E4B69B5A0A3A1756003C02F2 /* emptyExample */ = {
			isa = PBXNativeTarget;
			buildConfigurationList = E4B69B5F0A3A1757003C02F2 /* Build configuration list for PBXNativeTarget "emptyExample" */;
			buildPhases = (
				E4B69B580A3A1756003C02F2 /* Sources */,
				E4B69B590A3A1756003C02F2 /* Frameworks */,
				E4B6FFFD0C3F9AB9008CF71C /* ShellScript */,
				E4C2427710CC5ABF004149E2 /* CopyFiles */,
				B6678B8F15116314005F2453 /* Resources */,
				B6DB93D0151167D200C4CFDA /* Headers */,
			);
			buildRules = (
			);
			dependencies = (
				E4EEB9AC138B136A00A80321 /* PBXTargetDependency */,
			);
			name = emptyExample;
			productName = myOFApp;
			productReference = E4B69B5B0A3A1756003C02F2 /* emptyExampleDebug.app */;
			productType = "com.apple.product-type.application";
		};
/* End PBXNativeTarget section */

/* Begin PBXProject section */
		E4B69B4C0A3A1720003C02F2 /* Project object */ = {
			isa = PBXProject;
			buildConfigurationList = E4B69B4D0A3A1720003C02F2 /* Build configuration list for PBXProject "emptyExample" */;
			compatibilityVersion = "Xcode 2.4";
			developmentRegion = English;
			hasScannedForEncodings = 0;
			knownRegions = (
				English,
				Japanese,
				French,
				German,
			);
			mainGroup = E4B69B4A0A3A1720003C02F2;
			productRefGroup = E4B69B4A0A3A1720003C02F2;
			projectDirPath = "";
			projectReferences = (
				{
					ProductGroup = E4328144138ABC890047C5CB /* Products */;
					ProjectRef = E4328143138ABC890047C5CB /* openFrameworksLib.xcodeproj */;
				},
			);
			projectRoot = "";
			targets = (
				E4B69B5A0A3A1756003C02F2 /* emptyExample */,
			);
		};
/* End PBXProject section */

/* Begin PBXReferenceProxy section */
		E4328148138ABC890047C5CB /* openFrameworksDebug.a */ = {
			isa = PBXReferenceProxy;
			fileType = archive.ar;
			path = openFrameworksDebug.a;
			remoteRef = E4328147138ABC890047C5CB /* PBXContainerItemProxy */;
			sourceTree = BUILT_PRODUCTS_DIR;
		};
/* End PBXReferenceProxy section */

/* Begin PBXResourcesBuildPhase section */
		B6678B8F15116314005F2453 /* Resources */ = {
			isa = PBXResourcesBuildPhase;
			buildActionMask = 2147483647;
			comments = /Users/Yuki/Desktop/Untitled.icns;
			files = (
				B6678BA615116680005F2453 /* icon.icns in Resources */,
				B66C354918795F570042E437 /* .gitignore in Resources */,
				B66C536D18795F5A0042E437 /* APACHE20 in Resources */,
				B66C537018795F5A0042E437 /* CONTRIB in Resources */,
				B66C537318795F5A0042E437 /* GPL2 in Resources */,
				B66C537418795F5A0042E437 /* freenect.dll in Resources */,
				B66C537818795F5A0042E437 /* libfreenect.pc.in in Resources */,
				B66C538018795F5A0042E437 /* libusb0.dll in Resources */,
				B66C538118795F5A0042E437 /* libusb0.sys in Resources */,
				B66C538218795F5A0042E437 /* libusb0.dll in Resources */,
				B66C538318795F5A0042E437 /* libusb0.sys in Resources */,
				B66C538418795F5A0042E437 /* libusb-win32-bin-README.txt in Resources */,
				B66C538518795F5A0042E437 /* installer_license.txt in Resources */,
				B66C538618795F5A0042E437 /* libusb0.sys in Resources */,
				B66C538718795F5A0042E437 /* libusb0_x86.dll in Resources */,
				B66C538818795F5A0042E437 /* Xbox_NUI_Audio.cat in Resources */,
				B66C538918795F5A0042E437 /* Xbox_NUI_Audio.inf in Resources */,
				B66C538A18795F5A0042E437 /* libusb0.dll in Resources */,
				B66C538B18795F5A0042E437 /* libusb0.sys in Resources */,
				B66C538C18795F5A0042E437 /* libusb0.dll in Resources */,
				B66C538D18795F5A0042E437 /* libusb0.sys in Resources */,
				B66C538E18795F5A0042E437 /* libusb-win32-bin-README.txt in Resources */,
				B66C538F18795F5A0042E437 /* installer_license.txt in Resources */,
				B66C539018795F5A0042E437 /* libusb0.sys in Resources */,
				B66C539118795F5A0042E437 /* libusb0_x86.dll in Resources */,
				B66C539218795F5A0042E437 /* Xbox_NUI_Camera.cat in Resources */,
				B66C539318795F5A0042E437 /* Xbox_NUI_Camera.inf in Resources */,
				B66C539418795F5A0042E437 /* libusb0.dll in Resources */,
				B66C539518795F5A0042E437 /* libusb0.sys in Resources */,
				B66C539618795F5A0042E437 /* libusb0.dll in Resources */,
				B66C539718795F5A0042E437 /* libusb0.sys in Resources */,
				B66C539818795F5A0042E437 /* libusb-win32-bin-README.txt in Resources */,
				B66C539918795F5A0042E437 /* installer_license.txt in Resources */,
				B66C539A18795F5A0042E437 /* libusb0.sys in Resources */,
				B66C539B18795F5A0042E437 /* libusb0_x86.dll in Resources */,
				B66C539C18795F5A0042E437 /* Xbox_NUI_Motor.cat in Resources */,
				B66C539D18795F5A0042E437 /* Xbox_NUI_Motor.inf in Resources */,
				B66C539E18795F5A0042E437 /* LICENSE.txt in Resources */,
				B66C539F18795F5A0042E437 /* README.markdown in Resources */,
			);
			runOnlyForDeploymentPostprocessing = 0;
		};
/* End PBXResourcesBuildPhase section */

/* Begin PBXShellScriptBuildPhase section */
		E4B6FFFD0C3F9AB9008CF71C /* ShellScript */ = {
			isa = PBXShellScriptBuildPhase;
			buildActionMask = 2147483647;
			files = (
			);
			inputPaths = (
			);
			outputPaths = (
			);
			runOnlyForDeploymentPostprocessing = 0;
			shellPath = /bin/sh;
			shellScript = "cp -f ../../../libs/fmodex/lib/osx/libfmodex.dylib \"$TARGET_BUILD_DIR/$PRODUCT_NAME.app/Contents/MacOS/libfmodex.dylib\"; install_name_tool -change ./libfmodex.dylib @executable_path/libfmodex.dylib \"$TARGET_BUILD_DIR/$PRODUCT_NAME.app/Contents/MacOS/$PRODUCT_NAME\";";
		};
/* End PBXShellScriptBuildPhase section */

/* Begin PBXSourcesBuildPhase section */
		E4B69B580A3A1756003C02F2 /* Sources */ = {
			isa = PBXSourcesBuildPhase;
			buildActionMask = 2147483647;
			files = (
				E4B69E200A3A1BDC003C02F2 /* main.cpp in Sources */,
				E4B69E210A3A1BDC003C02F2 /* testApp.cpp in Sources */,
				03BC64F114CF4DF9002E8AE5 /* ofxTrueTypeFontUC.cpp in Sources */,
				03C27F3D14D2601A00401BBE /* beatDetect.cpp in Sources */,
				03C27F3E14D2601A00401BBE /* fft.cpp in Sources */,
				B66C536E18795F5A0042E437 /* cameras.c in Sources */,
				B66C537118795F5A0042E437 /* core.c in Sources */,
				B66C537918795F5A0042E437 /* registration.c in Sources */,
				B66C537B18795F5A0042E437 /* tilt.c in Sources */,
				B66C537C18795F5A0042E437 /* usb_libusb10.c in Sources */,
				B66C53A118795F5A0042E437 /* ofxKinect.cpp in Sources */,
				B66C53A61879659C0042E437 /* ofxVjKinect.cpp in Sources */,
				B66C53AB187965A50042E437 /* ofxB.cpp in Sources */,
			);
			runOnlyForDeploymentPostprocessing = 0;
		};
/* End PBXSourcesBuildPhase section */

/* Begin PBXTargetDependency section */
		E4EEB9AC138B136A00A80321 /* PBXTargetDependency */ = {
			isa = PBXTargetDependency;
			name = openFrameworks;
			targetProxy = E4EEB9AB138B136A00A80321 /* PBXContainerItemProxy */;
		};
/* End PBXTargetDependency section */

/* Begin XCBuildConfiguration section */
		E4B69B4E0A3A1720003C02F2 /* Debug */ = {
			isa = XCBuildConfiguration;
			baseConfigurationReference = E4EB6923138AFD0F00A09F29 /* Project.xcconfig */;
			buildSettings = {
				ARCHS = "$(NATIVE_ARCH)";
				CONFIGURATION_BUILD_DIR = "$(SRCROOT)/bin/";
				COPY_PHASE_STRIP = NO;
				DEAD_CODE_STRIPPING = YES;
				GCC_AUTO_VECTORIZATION = YES;
				GCC_ENABLE_SSE3_EXTENSIONS = YES;
				GCC_ENABLE_SUPPLEMENTAL_SSE3_INSTRUCTIONS = YES;
				GCC_INLINES_ARE_PRIVATE_EXTERN = NO;
				GCC_MODEL_TUNING = G5;
				GCC_SYMBOLS_PRIVATE_EXTERN = NO;
				GCC_WARN_ABOUT_DEPRECATED_FUNCTIONS = NO;
				GCC_WARN_ABOUT_INVALID_OFFSETOF_MACRO = NO;
				GCC_WARN_ALLOW_INCOMPLETE_PROTOCOL = NO;
				GCC_WARN_UNINITIALIZED_AUTOS = NO;
				GCC_WARN_UNUSED_VALUE = NO;
				GCC_WARN_UNUSED_VARIABLE = NO;
				HEADER_SEARCH_PATHS = (
					../../../addons/ofxJSON/lib/include,
					../../../addons/ofxKinect/libs/libusb/osx/include,
					"$(OF_CORE_HEADERS)",
				);
				OTHER_CPLUSPLUSFLAGS = (
					"-D__MACOSX_CORE__",
					"-lpthread",
				);
			};
			name = Debug;
		};
		E4B69B4F0A3A1720003C02F2 /* Release */ = {
			isa = XCBuildConfiguration;
			baseConfigurationReference = E4EB6923138AFD0F00A09F29 /* Project.xcconfig */;
			buildSettings = {
				ARCHS = "$(NATIVE_ARCH)";
				CONFIGURATION_BUILD_DIR = "$(SRCROOT)/bin/";
				COPY_PHASE_STRIP = YES;
				DEAD_CODE_STRIPPING = YES;
				GCC_AUTO_VECTORIZATION = YES;
				GCC_ENABLE_SSE3_EXTENSIONS = YES;
				GCC_ENABLE_SUPPLEMENTAL_SSE3_INSTRUCTIONS = YES;
				GCC_INLINES_ARE_PRIVATE_EXTERN = NO;
				GCC_MODEL_TUNING = G5;
				GCC_OPTIMIZATION_LEVEL = 3;
				GCC_SYMBOLS_PRIVATE_EXTERN = NO;
				GCC_UNROLL_LOOPS = YES;
				GCC_WARN_ABOUT_DEPRECATED_FUNCTIONS = NO;
				GCC_WARN_ABOUT_INVALID_OFFSETOF_MACRO = NO;
				GCC_WARN_ALLOW_INCOMPLETE_PROTOCOL = NO;
				GCC_WARN_UNINITIALIZED_AUTOS = NO;
				GCC_WARN_UNUSED_VALUE = NO;
				GCC_WARN_UNUSED_VARIABLE = NO;
				OTHER_CPLUSPLUSFLAGS = (
					"-D__MACOSX_CORE__",
					"-lpthread",
				);
			};
			name = Release;
		};
		E4B69B600A3A1757003C02F2 /* Debug */ = {
			isa = XCBuildConfiguration;
			buildSettings = {
				ARCHS = "$(ARCHS_STANDARD_32_BIT_PRE_XCODE_3_1)";
				ARCHS_STANDARD_32_BIT_PRE_XCODE_3_1 = "ppc i386";
				COPY_PHASE_STRIP = NO;
				FRAMEWORK_SEARCH_PATHS = (
					"$(inherited)",
					"$(FRAMEWORK_SEARCH_PATHS_QUOTED_FOR_TARGET_1)",
				);
				FRAMEWORK_SEARCH_PATHS_QUOTED_FOR_TARGET_1 = "\"$(SRCROOT)/../../../libs/glut/lib/osx\"";
				GCC_DYNAMIC_NO_PIC = NO;
				GCC_ENABLE_FIX_AND_CONTINUE = YES;
				GCC_GENERATE_DEBUGGING_SYMBOLS = YES;
				GCC_MODEL_TUNING = G4;
				GCC_PRECOMPILE_PREFIX_HEADER = YES;
				GCC_PREFIX_HEADER = "$(SYSTEM_LIBRARY_DIR)/Frameworks/Carbon.framework/Headers/Carbon.h";
				INFOPLIST_FILE = "openFrameworks-Info.plist";
				INSTALL_PATH = "$(HOME)/Applications";
				LIBRARY_SEARCH_PATHS = (
					"$(inherited)",
					"$(LIBRARY_SEARCH_PATHS_QUOTED_FOR_TARGET_1)",
					"$(LIBRARY_SEARCH_PATHS_QUOTED_FOR_TARGET_2)",
					"$(LIBRARY_SEARCH_PATHS_QUOTED_FOR_TARGET_3)",
					"$(LIBRARY_SEARCH_PATHS_QUOTED_FOR_TARGET_4)",
					"$(LIBRARY_SEARCH_PATHS_QUOTED_FOR_TARGET_5)",
					"$(LIBRARY_SEARCH_PATHS_QUOTED_FOR_TARGET_6)",
					"$(LIBRARY_SEARCH_PATHS_QUOTED_FOR_TARGET_7)",
					"$(LIBRARY_SEARCH_PATHS_QUOTED_FOR_TARGET_8)",
					"$(LIBRARY_SEARCH_PATHS_QUOTED_FOR_TARGET_9)",
					"$(LIBRARY_SEARCH_PATHS_QUOTED_FOR_TARGET_10)",
					"$(LIBRARY_SEARCH_PATHS_QUOTED_FOR_TARGET_11)",
					"$(LIBRARY_SEARCH_PATHS_QUOTED_FOR_TARGET_12)",
					"$(LIBRARY_SEARCH_PATHS_QUOTED_FOR_TARGET_13)",
					"$(LIBRARY_SEARCH_PATHS_QUOTED_FOR_TARGET_14)",
					"$(LIBRARY_SEARCH_PATHS_QUOTED_FOR_TARGET_15)",
					"$(LIBRARY_SEARCH_PATHS_QUOTED_FOR_TARGET_2)",
					"$(LIBRARY_SEARCH_PATHS_QUOTED_FOR_TARGET_3)",
					"$(LIBRARY_SEARCH_PATHS_QUOTED_FOR_TARGET_7)",
					"$(LIBRARY_SEARCH_PATHS_QUOTED_FOR_TARGET_8)",
					"$(LIBRARY_SEARCH_PATHS_QUOTED_FOR_TARGET_9)",
					"$(LIBRARY_SEARCH_PATHS_QUOTED_FOR_TARGET_10)",
					"$(LIBRARY_SEARCH_PATHS_QUOTED_FOR_TARGET_11)",
					"$(LIBRARY_SEARCH_PATHS_QUOTED_FOR_TARGET_12)",
					"$(LIBRARY_SEARCH_PATHS_QUOTED_FOR_TARGET_13)",
					"$(LIBRARY_SEARCH_PATHS_QUOTED_FOR_TARGET_16)",
					"$(LIBRARY_SEARCH_PATHS_QUOTED_FOR_TARGET_17)",
					"$(LIBRARY_SEARCH_PATHS_QUOTED_FOR_TARGET_18)",
					"$(LIBRARY_SEARCH_PATHS_QUOTED_FOR_TARGET_19)",
					"$(LIBRARY_SEARCH_PATHS_QUOTED_FOR_TARGET_20)",
					"$(LIBRARY_SEARCH_PATHS_QUOTED_FOR_TARGET_21)",
					"$(LIBRARY_SEARCH_PATHS_QUOTED_FOR_TARGET_22)",
					"$(LIBRARY_SEARCH_PATHS_QUOTED_FOR_TARGET_23)",
					"$(LIBRARY_SEARCH_PATHS_QUOTED_FOR_TARGET_24)",
					"$(LIBRARY_SEARCH_PATHS_QUOTED_FOR_TARGET_25)",
					"$(LIBRARY_SEARCH_PATHS_QUOTED_FOR_TARGET_26)",
					"$(LIBRARY_SEARCH_PATHS_QUOTED_FOR_TARGET_27)",
					"$(LIBRARY_SEARCH_PATHS_QUOTED_FOR_TARGET_28)",
					"$(LIBRARY_SEARCH_PATHS_QUOTED_FOR_TARGET_29)",
					"$(LIBRARY_SEARCH_PATHS_QUOTED_FOR_TARGET_30)",
					"$(LIBRARY_SEARCH_PATHS_QUOTED_FOR_TARGET_31)",
					"$(LIBRARY_SEARCH_PATHS_QUOTED_FOR_TARGET_32)",
					"$(LIBRARY_SEARCH_PATHS_QUOTED_FOR_TARGET_33)",
					"$(LIBRARY_SEARCH_PATHS_QUOTED_FOR_TARGET_34)",
					"$(LIBRARY_SEARCH_PATHS_QUOTED_FOR_TARGET_35)",
					"$(LIBRARY_SEARCH_PATHS_QUOTED_FOR_TARGET_36)",
					"$(LIBRARY_SEARCH_PATHS_QUOTED_FOR_TARGET_37)",
					"$(LIBRARY_SEARCH_PATHS_QUOTED_FOR_TARGET_38)",
					"$(LIBRARY_SEARCH_PATHS_QUOTED_FOR_TARGET_39)",
					"$(LIBRARY_SEARCH_PATHS_QUOTED_FOR_TARGET_40)",
					"$(LIBRARY_SEARCH_PATHS_QUOTED_FOR_TARGET_41)",
					"$(LIBRARY_SEARCH_PATHS_QUOTED_FOR_TARGET_42)",
					"$(LIBRARY_SEARCH_PATHS_QUOTED_FOR_TARGET_43)",
					"$(LIBRARY_SEARCH_PATHS_QUOTED_FOR_TARGET_44)",
					"$(LIBRARY_SEARCH_PATHS_QUOTED_FOR_TARGET_45)",
					"$(LIBRARY_SEARCH_PATHS_QUOTED_FOR_TARGET_46)",
					"$(LIBRARY_SEARCH_PATHS_QUOTED_FOR_TARGET_47)",
					"$(LIBRARY_SEARCH_PATHS_QUOTED_FOR_TARGET_48)",
					"$(LIBRARY_SEARCH_PATHS_QUOTED_FOR_TARGET_49)",
					"$(LIBRARY_SEARCH_PATHS_QUOTED_FOR_TARGET_50)",
					"$(LIBRARY_SEARCH_PATHS_QUOTED_FOR_TARGET_51)",
					"$(LIBRARY_SEARCH_PATHS_QUOTED_FOR_TARGET_52)",
					"$(LIBRARY_SEARCH_PATHS_QUOTED_FOR_TARGET_1)",
					"$(LIBRARY_SEARCH_PATHS_QUOTED_FOR_TARGET_2)",
					"$(LIBRARY_SEARCH_PATHS_QUOTED_FOR_TARGET_3)",
					"$(LIBRARY_SEARCH_PATHS_QUOTED_FOR_TARGET_4)",
					"$(LIBRARY_SEARCH_PATHS_QUOTED_FOR_TARGET_5)",
					"$(LIBRARY_SEARCH_PATHS_QUOTED_FOR_TARGET_6)",
					"$(LIBRARY_SEARCH_PATHS_QUOTED_FOR_TARGET_7)",
					"$(LIBRARY_SEARCH_PATHS_QUOTED_FOR_TARGET_8)",
				);
				LIBRARY_SEARCH_PATHS_QUOTED_FOR_TARGET_1 = "\"$(SRCROOT)/../../../addons/ofxKinect/libs/libfreenect/lib/vs2010\"";
				LIBRARY_SEARCH_PATHS_QUOTED_FOR_TARGET_2 = "\"$(SRCROOT)/../../../addons/ofxKinect/libs/libusb/osx/libs\"";
				LIBRARY_SEARCH_PATHS_QUOTED_FOR_TARGET_3 = "\"$(SRCROOT)/../../../addons/ofxKinect/libs/libfreenect/lib/vs2010\"";
				LIBRARY_SEARCH_PATHS_QUOTED_FOR_TARGET_4 = "\"$(SRCROOT)/../../../addons/ofxKinect/libs/libusb/osx/libs\"";
				LIBRARY_SEARCH_PATHS_QUOTED_FOR_TARGET_5 = "\"$(SRCROOT)/ofxKinect/libs/libfreenect/lib/vs2010\"";
				LIBRARY_SEARCH_PATHS_QUOTED_FOR_TARGET_6 = "\"$(SRCROOT)/ofxKinect/libs/libusb/osx/libs\"";
				LIBRARY_SEARCH_PATHS_QUOTED_FOR_TARGET_7 = "\"$(SRCROOT)/../../../addons/ofxKinect/libs/libfreenect/lib/vs2010\"";
				LIBRARY_SEARCH_PATHS_QUOTED_FOR_TARGET_8 = "\"$(SRCROOT)/../../../addons/ofxKinect/libs/libusb/osx/libs\"";
				ONLY_ACTIVE_ARCH = NO;
				PREBINDING = NO;
				PRODUCT_NAME = "$(TARGET_NAME)Debug";
				SDKROOT = macosx10.6;
				SUPPORTED_PLATFORMS = macosx;
				WRAPPER_EXTENSION = app;
			};
			name = Debug;
		};
		E4B69B610A3A1757003C02F2 /* Release */ = {
			isa = XCBuildConfiguration;
			buildSettings = {
				ARCHS = "$(ARCHS_STANDARD_32_BIT_PRE_XCODE_3_1)";
				ARCHS_STANDARD_32_BIT_PRE_XCODE_3_1 = "ppc i386";
				COPY_PHASE_STRIP = YES;
				FRAMEWORK_SEARCH_PATHS = (
					"$(inherited)",
					"$(FRAMEWORK_SEARCH_PATHS_QUOTED_FOR_TARGET_1)",
				);
				FRAMEWORK_SEARCH_PATHS_QUOTED_FOR_TARGET_1 = "\"$(SRCROOT)/../../../libs/glut/lib/osx\"";
				GCC_ENABLE_FIX_AND_CONTINUE = NO;
				GCC_GENERATE_DEBUGGING_SYMBOLS = NO;
				GCC_MODEL_TUNING = G4;
				GCC_PRECOMPILE_PREFIX_HEADER = YES;
				GCC_PREFIX_HEADER = "$(SYSTEM_LIBRARY_DIR)/Frameworks/Carbon.framework/Headers/Carbon.h";
				INFOPLIST_FILE = "openFrameworks-Info.plist";
				INSTALL_PATH = "$(HOME)/Applications";
				LIBRARY_SEARCH_PATHS = (
					"$(inherited)",
					"$(LIBRARY_SEARCH_PATHS_QUOTED_FOR_TARGET_1)",
					"$(LIBRARY_SEARCH_PATHS_QUOTED_FOR_TARGET_2)",
					"$(LIBRARY_SEARCH_PATHS_QUOTED_FOR_TARGET_3)",
					"$(LIBRARY_SEARCH_PATHS_QUOTED_FOR_TARGET_4)",
					"$(LIBRARY_SEARCH_PATHS_QUOTED_FOR_TARGET_5)",
					"$(LIBRARY_SEARCH_PATHS_QUOTED_FOR_TARGET_6)",
					"$(LIBRARY_SEARCH_PATHS_QUOTED_FOR_TARGET_7)",
					"$(LIBRARY_SEARCH_PATHS_QUOTED_FOR_TARGET_8)",
					"$(LIBRARY_SEARCH_PATHS_QUOTED_FOR_TARGET_9)",
					"$(LIBRARY_SEARCH_PATHS_QUOTED_FOR_TARGET_10)",
					"$(LIBRARY_SEARCH_PATHS_QUOTED_FOR_TARGET_11)",
					"$(LIBRARY_SEARCH_PATHS_QUOTED_FOR_TARGET_12)",
					"$(LIBRARY_SEARCH_PATHS_QUOTED_FOR_TARGET_13)",
					"$(LIBRARY_SEARCH_PATHS_QUOTED_FOR_TARGET_14)",
					"$(LIBRARY_SEARCH_PATHS_QUOTED_FOR_TARGET_15)",
					"$(LIBRARY_SEARCH_PATHS_QUOTED_FOR_TARGET_2)",
					"$(LIBRARY_SEARCH_PATHS_QUOTED_1)",
					"$(LIBRARY_SEARCH_PATHS_QUOTED_FOR_TARGET_3)",
					"$(LIBRARY_SEARCH_PATHS_QUOTED_FOR_TARGET_7)",
					"$(LIBRARY_SEARCH_PATHS_QUOTED_FOR_TARGET_8)",
					"$(LIBRARY_SEARCH_PATHS_QUOTED_FOR_TARGET_9)",
					"$(LIBRARY_SEARCH_PATHS_QUOTED_FOR_TARGET_10)",
					"$(LIBRARY_SEARCH_PATHS_QUOTED_FOR_TARGET_11)",
					"$(LIBRARY_SEARCH_PATHS_QUOTED_FOR_TARGET_12)",
					"$(LIBRARY_SEARCH_PATHS_QUOTED_FOR_TARGET_13)",
					"$(LIBRARY_SEARCH_PATHS_QUOTED_FOR_TARGET_16)",
					"$(LIBRARY_SEARCH_PATHS_QUOTED_FOR_TARGET_17)",
					"$(LIBRARY_SEARCH_PATHS_QUOTED_FOR_TARGET_18)",
					"$(LIBRARY_SEARCH_PATHS_QUOTED_FOR_TARGET_19)",
					"$(LIBRARY_SEARCH_PATHS_QUOTED_FOR_TARGET_20)",
					"$(LIBRARY_SEARCH_PATHS_QUOTED_FOR_TARGET_21)",
					"$(LIBRARY_SEARCH_PATHS_QUOTED_FOR_TARGET_22)",
					"$(LIBRARY_SEARCH_PATHS_QUOTED_FOR_TARGET_23)",
					"$(LIBRARY_SEARCH_PATHS_QUOTED_FOR_TARGET_24)",
					"$(LIBRARY_SEARCH_PATHS_QUOTED_FOR_TARGET_25)",
					"$(LIBRARY_SEARCH_PATHS_QUOTED_FOR_TARGET_26)",
					"$(LIBRARY_SEARCH_PATHS_QUOTED_FOR_TARGET_27)",
					"$(LIBRARY_SEARCH_PATHS_QUOTED_FOR_TARGET_28)",
					"$(LIBRARY_SEARCH_PATHS_QUOTED_FOR_TARGET_29)",
					"$(LIBRARY_SEARCH_PATHS_QUOTED_FOR_TARGET_30)",
					"$(LIBRARY_SEARCH_PATHS_QUOTED_FOR_TARGET_31)",
					"$(LIBRARY_SEARCH_PATHS_QUOTED_FOR_TARGET_32)",
					"$(LIBRARY_SEARCH_PATHS_QUOTED_FOR_TARGET_33)",
					"$(LIBRARY_SEARCH_PATHS_QUOTED_FOR_TARGET_34)",
					"$(LIBRARY_SEARCH_PATHS_QUOTED_FOR_TARGET_35)",
					"$(LIBRARY_SEARCH_PATHS_QUOTED_FOR_TARGET_36)",
					"$(LIBRARY_SEARCH_PATHS_QUOTED_FOR_TARGET_37)",
					"$(LIBRARY_SEARCH_PATHS_QUOTED_FOR_TARGET_38)",
					"$(LIBRARY_SEARCH_PATHS_QUOTED_FOR_TARGET_39)",
					"$(LIBRARY_SEARCH_PATHS_QUOTED_FOR_TARGET_40)",
					"$(LIBRARY_SEARCH_PATHS_QUOTED_FOR_TARGET_41)",
					"$(LIBRARY_SEARCH_PATHS_QUOTED_FOR_TARGET_42)",
					"$(LIBRARY_SEARCH_PATHS_QUOTED_FOR_TARGET_43)",
					"$(LIBRARY_SEARCH_PATHS_QUOTED_FOR_TARGET_44)",
					"$(LIBRARY_SEARCH_PATHS_QUOTED_FOR_TARGET_45)",
					"$(LIBRARY_SEARCH_PATHS_QUOTED_FOR_TARGET_46)",
					"$(LIBRARY_SEARCH_PATHS_QUOTED_FOR_TARGET_47)",
					"$(LIBRARY_SEARCH_PATHS_QUOTED_FOR_TARGET_48)",
					"$(LIBRARY_SEARCH_PATHS_QUOTED_FOR_TARGET_49)",
					"$(LIBRARY_SEARCH_PATHS_QUOTED_FOR_TARGET_50)",
					"$(LIBRARY_SEARCH_PATHS_QUOTED_FOR_TARGET_51)",
					"$(LIBRARY_SEARCH_PATHS_QUOTED_1)",
					"$(LIBRARY_SEARCH_PATHS_QUOTED_2)",
					"$(LIBRARY_SEARCH_PATHS_QUOTED_3)",
					"$(LIBRARY_SEARCH_PATHS_QUOTED_4)",
					"$(LIBRARY_SEARCH_PATHS_QUOTED_5)",
					"$(LIBRARY_SEARCH_PATHS_QUOTED_6)",
					"$(LIBRARY_SEARCH_PATHS_QUOTED_FOR_TARGET_1)",
					"$(LIBRARY_SEARCH_PATHS_QUOTED_FOR_TARGET_2)",
				);
				LIBRARY_SEARCH_PATHS_QUOTED_1 = "\"$(SRCROOT)/../../../addons/ofxKinect/libs/libfreenect/lib/vs2010\"";
				LIBRARY_SEARCH_PATHS_QUOTED_2 = "\"$(SRCROOT)/../../../addons/ofxKinect/libs/libusb/osx/libs\"";
				LIBRARY_SEARCH_PATHS_QUOTED_3 = "\"$(SRCROOT)/../../../addons/ofxKinect/libs/libfreenect/lib/vs2010\"";
				LIBRARY_SEARCH_PATHS_QUOTED_4 = "\"$(SRCROOT)/../../../addons/ofxKinect/libs/libusb/osx/libs\"";
				LIBRARY_SEARCH_PATHS_QUOTED_5 = "\"$(SRCROOT)/ofxKinect/libs/libfreenect/lib/vs2010\"";
				LIBRARY_SEARCH_PATHS_QUOTED_6 = "\"$(SRCROOT)/ofxKinect/libs/libusb/osx/libs\"";
				LIBRARY_SEARCH_PATHS_QUOTED_FOR_TARGET_1 = "\"$(SRCROOT)/../../../addons/ofxKinect/libs/libfreenect/lib/vs2010\"";
				LIBRARY_SEARCH_PATHS_QUOTED_FOR_TARGET_2 = "\"$(SRCROOT)/../../../addons/ofxKinect/libs/libusb/osx/libs\"";
				ONLY_ACTIVE_ARCH = NO;
				PREBINDING = NO;
				PRODUCT_NAME = "$(TARGET_NAME)";
				SDKROOT = macosx10.6;
				SUPPORTED_PLATFORMS = macosx;
				WRAPPER_EXTENSION = app;
			};
			name = Release;
		};
/* End XCBuildConfiguration section */

/* Begin XCConfigurationList section */
		E4B69B4D0A3A1720003C02F2 /* Build configuration list for PBXProject "emptyExample" */ = {
			isa = XCConfigurationList;
			buildConfigurations = (
				E4B69B4E0A3A1720003C02F2 /* Debug */,
				E4B69B4F0A3A1720003C02F2 /* Release */,
			);
			defaultConfigurationIsVisible = 0;
			defaultConfigurationName = Release;
		};
		E4B69B5F0A3A1757003C02F2 /* Build configuration list for PBXNativeTarget "emptyExample" */ = {
			isa = XCConfigurationList;
			buildConfigurations = (
				E4B69B600A3A1757003C02F2 /* Debug */,
				E4B69B610A3A1757003C02F2 /* Release */,
			);
			defaultConfigurationIsVisible = 0;
			defaultConfigurationName = Release;
		};
/* End XCConfigurationList section */
	};
	rootObject = E4B69B4C0A3A1720003C02F2 /* Project object */;
}
